{
  "version": 4,
  "terraform_version": "1.6.0",
  "serial": 49,
  "lineage": "b3d9641d-43ef-69ce-0e46-54f26a1ac26f",
  "outputs": {
    "internet_gateway": {
      "value": "aws_internet_gateway.internet_gateway.id",
      "type": "string"
    },
    "pb_sn_az1_cidr": {
      "value": "10.16.48.0/20",
      "type": "string"
    },
    "pb_sn_az1_id": {
      "value": "subnet-017f0c2086e2c3cd3",
      "type": "string"
    },
    "pb_sn_az2_cidr": {
      "value": "10.16.112.0/20",
      "type": "string"
    },
    "pb_sn_az2_id": {
      "value": "subnet-0d594f67d22390284",
      "type": "string"
    },
    "pb_sn_az3_cidr": {
      "value": "10.16.176.0/20",
      "type": "string"
    },
    "pb_sn_az3_id": {
      "value": "subnet-0dbeb33959610c924",
      "type": "string"
    },
    "project_name": {
      "value": "full-scale-3tier-arch",
      "type": "string"
    },
    "pvt_sn_app_az1_cidr": {
      "value": "10.16.32.0/20",
      "type": "string"
    },
    "pvt_sn_app_az1_id": {
      "value": "subnet-03133c6ef657db7b6",
      "type": "string"
    },
    "pvt_sn_app_az2_cidr": {
      "value": "10.16.96.0/20",
      "type": "string"
    },
    "pvt_sn_app_az2_id": {
      "value": "subnet-03eb7ef52c84947f7",
      "type": "string"
    },
    "pvt_sn_app_az3_cidr": {
      "value": "10.16.160.0/20",
      "type": "string"
    },
    "pvt_sn_app_az3_id": {
      "value": "subnet-01b4ee7fb495d9b9e",
      "type": "string"
    },
    "pvt_sn_db_az1_cidr": {
      "value": "10.16.16.0/20",
      "type": "string"
    },
    "pvt_sn_db_az1_id": {
      "value": "subnet-0cd57fec23b81d0b2",
      "type": "string"
    },
    "pvt_sn_db_az2_cidr": {
      "value": "10.16.80.0/20",
      "type": "string"
    },
    "pvt_sn_db_az2_id": {
      "value": "subnet-016d88df0b8023778",
      "type": "string"
    },
    "pvt_sn_db_az3_cidr": {
      "value": "10.16.144.0/20",
      "type": "string"
    },
    "pvt_sn_db_az3_id": {
      "value": "subnet-0b05ba5b98ceb1a1a",
      "type": "string"
    },
    "region": {
      "value": "us-east-1",
      "type": "string"
    },
    "vpc_cidr": {
      "value": "10.16.0.0/16",
      "type": "string"
    }
  },
  "resources": [
    {
      "mode": "data",
      "type": "aws_availability_zones",
      "name": "available_zones",
      "provider": "provider[\"registry.terraform.io/hashicorp/aws\"]",
      "instances": [
        {
          "schema_version": 0,
          "attributes": {
            "all_availability_zones": null,
            "exclude_names": null,
            "exclude_zone_ids": null,
            "filter": null,
            "group_names": [
              "us-east-1"
            ],
            "id": "us-east-1",
            "names": [
              "us-east-1a",
              "us-east-1b",
              "us-east-1c",
              "us-east-1d",
              "us-east-1e",
              "us-east-1f"
            ],
            "state": null,
            "timeouts": null,
            "zone_ids": [
              "use1-az4",
              "use1-az6",
              "use1-az1",
              "use1-az2",
              "use1-az3",
              "use1-az5"
            ]
          },
          "sensitive_attributes": []
        }
      ]
    },
    {
      "mode": "managed",
      "type": "aws_autoscaling_group",
      "name": "asg_demo",
      "provider": "provider[\"registry.terraform.io/hashicorp/aws\"]",
      "instances": [
        {
          "schema_version": 1,
          "attributes": {
            "arn": "arn:aws:autoscaling:us-east-1:040546550742:autoScalingGroup:8d831367-183d-40b4-a1d4-989ab7ab6898:autoScalingGroupName/demo-asg",
            "availability_zones": [
              "us-east-1a",
              "us-east-1b",
              "us-east-1c"
            ],
            "capacity_rebalance": false,
            "context": "",
            "default_cooldown": 300,
            "default_instance_warmup": 0,
            "desired_capacity": 1,
            "desired_capacity_type": "",
            "enabled_metrics": [],
            "force_delete": false,
            "force_delete_warm_pool": false,
            "health_check_grace_period": 300,
            "health_check_type": "ELB",
            "id": "demo-asg",
            "ignore_failed_scaling_activities": false,
            "initial_lifecycle_hook": [],
            "instance_refresh": [],
            "launch_configuration": "",
            "launch_template": [
              {
                "id": "lt-090c842005c511472",
                "name": "EC2-TL20231010030540589700000003",
                "version": "$Latest"
              }
            ],
            "load_balancers": [],
            "max_instance_lifetime": 0,
            "max_size": 3,
            "metrics_granularity": "1Minute",
            "min_elb_capacity": null,
            "min_size": 1,
            "mixed_instances_policy": [],
            "name": "demo-asg",
            "name_prefix": "",
            "placement_group": "",
            "predicted_capacity": 0,
            "protect_from_scale_in": false,
            "service_linked_role_arn": "arn:aws:iam::040546550742:role/aws-service-role/autoscaling.amazonaws.com/AWSServiceRoleForAutoScaling",
            "suspended_processes": [],
            "tag": [],
            "target_group_arns": [
              "arn:aws:elasticloadbalancing:us-east-1:040546550742:targetgroup/EC2-Target-Group/37ad6dfdf9202895"
            ],
            "termination_policies": [],
            "timeouts": null,
            "traffic_source": [
              {
                "identifier": "arn:aws:elasticloadbalancing:us-east-1:040546550742:targetgroup/EC2-Target-Group/37ad6dfdf9202895",
                "type": "elbv2"
              }
            ],
            "vpc_zone_identifier": [
              "subnet-017f0c2086e2c3cd3",
              "subnet-0d594f67d22390284",
              "subnet-0dbeb33959610c924"
            ],
            "wait_for_capacity_timeout": "10m",
            "wait_for_elb_capacity": null,
            "warm_pool": [],
            "warm_pool_size": 0
          },
          "sensitive_attributes": [],
          "private": "eyJlMmJmYjczMC1lY2FhLTExZTYtOGY4OC0zNDM2M2JjN2M0YzAiOnsiZGVsZXRlIjo2MDAwMDAwMDAwMDAsInVwZGF0ZSI6NjAwMDAwMDAwMDAwfSwic2NoZW1hX3ZlcnNpb24iOiIxIn0=",
          "dependencies": [
            "aws_db_instance.rds_cluster",
            "aws_db_subnet_group.db_sn_group",
            "aws_efs_file_system.efs",
            "aws_iam_instance_profile.instance_profile",
            "aws_iam_role.ec2_instance_role",
            "aws_launch_template.ec2_launch_template",
            "aws_lb_target_group.ec2",
            "aws_security_group.SGpublicSN",
            "aws_ssm_parameter.efs_parameter",
            "aws_ssm_parameter.rds_endpoint",
            "aws_subnet.pb_sn_az1",
            "aws_subnet.pb_sn_az2",
            "aws_subnet.pb_sn_az3",
            "aws_subnet.pvt_sn_db_az1",
            "aws_subnet.pvt_sn_db_az2",
            "aws_subnet.pvt_sn_db_az3",
            "aws_vpc.main_vpc",
            "data.aws_availability_zones.available_zones"
          ]
        }
      ]
    },
    {
      "mode": "managed",
      "type": "aws_db_instance",
      "name": "rds_cluster",
      "provider": "provider[\"registry.terraform.io/hashicorp/aws\"]",
      "instances": [
        {
          "schema_version": 2,
          "attributes": {
            "address": "terraform-20231010030539609200000002.clq59knct39j.us-east-1.rds.amazonaws.com",
            "allocated_storage": 20,
            "allow_major_version_upgrade": null,
            "apply_immediately": false,
            "arn": "arn:aws:rds:us-east-1:040546550742:db:terraform-20231010030539609200000002",
            "auto_minor_version_upgrade": true,
            "availability_zone": "us-east-1a",
            "backup_retention_period": 0,
            "backup_target": "region",
            "backup_window": "10:10-10:40",
            "blue_green_update": [],
            "ca_cert_identifier": "rds-ca-2019",
            "character_set_name": "",
            "copy_tags_to_snapshot": false,
            "custom_iam_instance_profile": "",
            "customer_owned_ip_enabled": false,
            "db_name": "a4lwordpressuserdb",
            "db_subnet_group_name": "demo-rds-subnet-group",
            "delete_automated_backups": true,
            "deletion_protection": false,
            "domain": "",
            "domain_iam_role_name": "",
            "enabled_cloudwatch_logs_exports": [],
            "endpoint": "terraform-20231010030539609200000002.clq59knct39j.us-east-1.rds.amazonaws.com:3306",
            "engine": "mysql",
            "engine_version": "8.0.34",
            "engine_version_actual": "8.0.34",
            "final_snapshot_identifier": null,
            "hosted_zone_id": "Z2R2ITUGPM61AM",
            "iam_database_authentication_enabled": false,
            "id": "db-AR4NEEYFDP4OO5AAGO67CGJFGI",
            "identifier": "terraform-20231010030539609200000002",
            "identifier_prefix": "terraform-",
            "instance_class": "db.t2.micro",
            "iops": 3000,
            "kms_key_id": "",
            "latest_restorable_time": "",
            "license_model": "general-public-license",
            "listener_endpoint": [],
            "maintenance_window": "thu:05:15-thu:05:45",
            "manage_master_user_password": null,
            "master_user_secret": [],
            "master_user_secret_kms_key_id": null,
            "max_allocated_storage": 0,
            "monitoring_interval": 0,
            "monitoring_role_arn": "",
            "multi_az": true,
            "nchar_character_set_name": "",
            "network_type": "IPV4",
            "option_group_name": "default:mysql-8-0",
            "parameter_group_name": "default.mysql8.0",
            "password": "VishvDeshwal1234567890",
            "performance_insights_enabled": false,
            "performance_insights_kms_key_id": "",
            "performance_insights_retention_period": 0,
            "port": 3306,
            "publicly_accessible": false,
            "replica_mode": "",
            "replicas": [],
            "replicate_source_db": "",
            "resource_id": "db-AR4NEEYFDP4OO5AAGO67CGJFGI",
            "restore_to_point_in_time": [],
            "s3_import": [],
            "skip_final_snapshot": true,
            "snapshot_identifier": null,
            "status": "available",
            "storage_encrypted": false,
            "storage_throughput": 125,
            "storage_type": "gp3",
            "tags": {},
            "tags_all": {},
            "timeouts": null,
            "timezone": "",
            "username": "a4lwordpressuser",
            "vpc_security_group_ids": [
              "sg-04809af29bb0190e0"
            ]
          },
          "sensitive_attributes": [],
          "private": "eyJlMmJmYjczMC1lY2FhLTExZTYtOGY4OC0zNDM2M2JjN2M0YzAiOnsiY3JlYXRlIjoyNDAwMDAwMDAwMDAwLCJkZWxldGUiOjM2MDAwMDAwMDAwMDAsInVwZGF0ZSI6NDgwMDAwMDAwMDAwMH0sInNjaGVtYV92ZXJzaW9uIjoiMiJ9",
          "dependencies": [
            "aws_db_subnet_group.db_sn_group",
            "aws_subnet.pvt_sn_db_az1",
            "aws_subnet.pvt_sn_db_az2",
            "aws_subnet.pvt_sn_db_az3",
            "aws_vpc.main_vpc",
            "data.aws_availability_zones.available_zones"
          ]
        }
      ]
    },
    {
      "mode": "managed",
      "type": "aws_db_subnet_group",
      "name": "db_sn_group",
      "provider": "provider[\"registry.terraform.io/hashicorp/aws\"]",
      "instances": [
        {
          "schema_version": 0,
          "attributes": {
            "arn": "arn:aws:rds:us-east-1:040546550742:subgrp:demo-rds-subnet-group",
            "description": "RDS Subnet group for my three tier project",
            "id": "demo-rds-subnet-group",
            "name": "demo-rds-subnet-group",
            "name_prefix": "",
            "subnet_ids": [
              "subnet-016d88df0b8023778",
              "subnet-0b05ba5b98ceb1a1a",
              "subnet-0cd57fec23b81d0b2"
            ],
            "supported_network_types": [
              "IPV4"
            ],
            "tags": {},
            "tags_all": {},
            "vpc_id": "vpc-0045c85c7791bd917"
          },
          "sensitive_attributes": [],
          "private": "bnVsbA==",
          "dependencies": [
            "aws_subnet.pvt_sn_db_az1",
            "aws_subnet.pvt_sn_db_az2",
            "aws_subnet.pvt_sn_db_az3",
            "aws_vpc.main_vpc",
            "data.aws_availability_zones.available_zones"
          ]
        }
      ]
    },
    {
      "mode": "managed",
      "type": "aws_efs_file_system",
      "name": "efs",
      "provider": "provider[\"registry.terraform.io/hashicorp/aws\"]",
      "instances": [
        {
          "schema_version": 0,
          "attributes": {
            "arn": "arn:aws:elasticfilesystem:us-east-1:040546550742:file-system/fs-0dc44dd230df7ed74",
            "availability_zone_id": "",
            "availability_zone_name": "",
            "creation_token": "basic-efs-file-system",
            "dns_name": "fs-0dc44dd230df7ed74.efs.us-east-1.amazonaws.com",
            "encrypted": false,
            "id": "fs-0dc44dd230df7ed74",
            "kms_key_id": "",
            "lifecycle_policy": [
              {
                "transition_to_ia": "AFTER_7_DAYS",
                "transition_to_primary_storage_class": ""
              }
            ],
            "name": "MyEfsFileSystem",
            "number_of_mount_targets": 0,
            "owner_id": "040546550742",
            "performance_mode": "generalPurpose",
            "provisioned_throughput_in_mibps": 0,
            "size_in_bytes": [
              {
                "value": 6144,
                "value_in_ia": 0,
                "value_in_standard": 6144
              }
            ],
            "tags": {
              "Name": "MyEfsFileSystem"
            },
            "tags_all": {
              "Name": "MyEfsFileSystem"
            },
            "throughput_mode": "bursting"
          },
          "sensitive_attributes": [],
          "private": "bnVsbA=="
        }
      ]
    },
    {
      "mode": "managed",
      "type": "aws_efs_mount_target",
      "name": "efs_mount",
      "provider": "provider[\"registry.terraform.io/hashicorp/aws\"]",
      "instances": [
        {
          "index_key": 0,
          "schema_version": 0,
          "attributes": {
            "availability_zone_id": "use1-az4",
            "availability_zone_name": "us-east-1a",
            "dns_name": "fs-0dc44dd230df7ed74.efs.us-east-1.amazonaws.com",
            "file_system_arn": "arn:aws:elasticfilesystem:us-east-1:040546550742:file-system/fs-0dc44dd230df7ed74",
            "file_system_id": "fs-0dc44dd230df7ed74",
            "id": "fsmt-0d17c4d3ad03c9d39",
            "ip_address": "10.16.33.51",
            "mount_target_dns_name": "us-east-1a.fs-0dc44dd230df7ed74.efs.us-east-1.amazonaws.com",
            "network_interface_id": "eni-0e0d98615eb82b174",
            "owner_id": "040546550742",
            "security_groups": [
              "sg-07fb2e4d70384239f"
            ],
            "subnet_id": "subnet-03133c6ef657db7b6",
            "timeouts": null
          },
          "sensitive_attributes": [],
          "private": "eyJlMmJmYjczMC1lY2FhLTExZTYtOGY4OC0zNDM2M2JjN2M0YzAiOnsiY3JlYXRlIjoxODAwMDAwMDAwMDAwLCJkZWxldGUiOjYwMDAwMDAwMDAwMH19",
          "dependencies": [
            "aws_efs_file_system.efs",
            "aws_security_group.SGpublicSN",
            "aws_security_group.SGpvtapp",
            "aws_vpc.main_vpc"
          ]
        },
        {
          "index_key": 1,
          "schema_version": 0,
          "attributes": {
            "availability_zone_id": "use1-az6",
            "availability_zone_name": "us-east-1b",
            "dns_name": "fs-0dc44dd230df7ed74.efs.us-east-1.amazonaws.com",
            "file_system_arn": "arn:aws:elasticfilesystem:us-east-1:040546550742:file-system/fs-0dc44dd230df7ed74",
            "file_system_id": "fs-0dc44dd230df7ed74",
            "id": "fsmt-068a4e7ad44e8d0fd",
            "ip_address": "10.16.106.179",
            "mount_target_dns_name": "us-east-1b.fs-0dc44dd230df7ed74.efs.us-east-1.amazonaws.com",
            "network_interface_id": "eni-088b1306502377e02",
            "owner_id": "040546550742",
            "security_groups": [
              "sg-07fb2e4d70384239f"
            ],
            "subnet_id": "subnet-03eb7ef52c84947f7",
            "timeouts": null
          },
          "sensitive_attributes": [],
          "private": "eyJlMmJmYjczMC1lY2FhLTExZTYtOGY4OC0zNDM2M2JjN2M0YzAiOnsiY3JlYXRlIjoxODAwMDAwMDAwMDAwLCJkZWxldGUiOjYwMDAwMDAwMDAwMH19",
          "dependencies": [
            "aws_efs_file_system.efs",
            "aws_security_group.SGpublicSN",
            "aws_security_group.SGpvtapp",
            "aws_vpc.main_vpc"
          ]
        },
        {
          "index_key": 2,
          "schema_version": 0,
          "attributes": {
            "availability_zone_id": "use1-az1",
            "availability_zone_name": "us-east-1c",
            "dns_name": "fs-0dc44dd230df7ed74.efs.us-east-1.amazonaws.com",
            "file_system_arn": "arn:aws:elasticfilesystem:us-east-1:040546550742:file-system/fs-0dc44dd230df7ed74",
            "file_system_id": "fs-0dc44dd230df7ed74",
            "id": "fsmt-009a42ddbb223398b",
            "ip_address": "10.16.175.7",
            "mount_target_dns_name": "us-east-1c.fs-0dc44dd230df7ed74.efs.us-east-1.amazonaws.com",
            "network_interface_id": "eni-0d43d3bc503102973",
            "owner_id": "040546550742",
            "security_groups": [
              "sg-07fb2e4d70384239f"
            ],
            "subnet_id": "subnet-01b4ee7fb495d9b9e",
            "timeouts": null
          },
          "sensitive_attributes": [],
          "private": "eyJlMmJmYjczMC1lY2FhLTExZTYtOGY4OC0zNDM2M2JjN2M0YzAiOnsiY3JlYXRlIjoxODAwMDAwMDAwMDAwLCJkZWxldGUiOjYwMDAwMDAwMDAwMH19",
          "dependencies": [
            "aws_efs_file_system.efs",
            "aws_security_group.SGpublicSN",
            "aws_security_group.SGpvtapp",
            "aws_vpc.main_vpc"
          ]
        }
      ]
    },
    {
      "mode": "managed",
      "type": "aws_iam_instance_profile",
      "name": "instance_profile",
      "provider": "provider[\"registry.terraform.io/hashicorp/aws\"]",
      "instances": [
        {
          "schema_version": 0,
          "attributes": {
            "arn": "arn:aws:iam::040546550742:instance-profile/PB-SN-EC2-Profile20231010030521567500000001",
            "create_date": "2023-10-10T03:05:22Z",
            "id": "PB-SN-EC2-Profile20231010030521567500000001",
            "name": "PB-SN-EC2-Profile20231010030521567500000001",
            "name_prefix": "PB-SN-EC2-Profile",
            "path": "/",
            "role": "PB-SN-EC2-ROLE",
            "tags": {},
            "tags_all": {},
            "unique_id": "AIPAQS4GDIPLO7M5LKDYK"
          },
          "sensitive_attributes": [],
          "private": "bnVsbA==",
          "dependencies": [
            "aws_iam_role.ec2_instance_role"
          ]
        }
      ]
    },
    {
      "mode": "managed",
      "type": "aws_iam_policy_attachment",
      "name": "cloud_watch_policy",
      "provider": "provider[\"registry.terraform.io/hashicorp/aws\"]",
      "instances": [
        {
          "schema_version": 0,
          "attributes": {
            "groups": [],
            "id": "cloud-watch-policy-attachement",
            "name": "cloud-watch-policy-attachement",
            "policy_arn": "arn:aws:iam::aws:policy/CloudWatchAgentServerPolicy",
            "roles": [
              "PB-SN-EC2-ROLE"
            ],
            "users": []
          },
          "sensitive_attributes": [],
          "private": "bnVsbA==",
          "dependencies": [
            "aws_iam_role.ec2_instance_role"
          ]
        }
      ]
    },
    {
      "mode": "managed",
      "type": "aws_iam_policy_attachment",
      "name": "efs_full_access",
      "provider": "provider[\"registry.terraform.io/hashicorp/aws\"]",
      "instances": [
        {
          "schema_version": 0,
          "attributes": {
            "groups": [],
            "id": "efs-full-access-policy-attachement",
            "name": "efs-full-access-policy-attachement",
            "policy_arn": "arn:aws:iam::aws:policy/AmazonElasticFileSystemFullAccess",
            "roles": [
              "PB-SN-EC2-ROLE"
            ],
            "users": []
          },
          "sensitive_attributes": [],
          "private": "bnVsbA==",
          "dependencies": [
            "aws_iam_role.ec2_instance_role"
          ]
        }
      ]
    },
    {
      "mode": "managed",
      "type": "aws_iam_policy_attachment",
      "name": "ssm_full_access",
      "provider": "provider[\"registry.terraform.io/hashicorp/aws\"]",
      "instances": [
        {
          "schema_version": 0,
          "attributes": {
            "groups": [],
            "id": "ssm-full-access-policy-attachement",
            "name": "ssm-full-access-policy-attachement",
            "policy_arn": "arn:aws:iam::aws:policy/AmazonSSMFullAccess",
            "roles": [
              "PB-SN-EC2-ROLE"
            ],
            "users": []
          },
          "sensitive_attributes": [],
          "private": "bnVsbA==",
          "dependencies": [
            "aws_iam_role.ec2_instance_role"
          ]
        }
      ]
    },
    {
      "mode": "managed",
      "type": "aws_iam_role",
      "name": "ec2_instance_role",
      "provider": "provider[\"registry.terraform.io/hashicorp/aws\"]",
      "instances": [
        {
          "schema_version": 0,
          "attributes": {
            "arn": "arn:aws:iam::040546550742:role/PB-SN-EC2-ROLE",
            "assume_role_policy": "{\"Statement\":[{\"Action\":\"sts:AssumeRole\",\"Effect\":\"Allow\",\"Principal\":{\"Service\":\"ec2.amazonaws.com\"}}],\"Version\":\"2012-10-17\"}",
            "create_date": "2023-10-10T03:05:20Z",
            "description": "",
            "force_detach_policies": false,
            "id": "PB-SN-EC2-ROLE",
            "inline_policy": [],
            "managed_policy_arns": [
              "arn:aws:iam::aws:policy/AmazonElasticFileSystemFullAccess",
              "arn:aws:iam::aws:policy/AmazonSSMFullAccess",
              "arn:aws:iam::aws:policy/CloudWatchAgentServerPolicy"
            ],
            "max_session_duration": 3600,
            "name": "PB-SN-EC2-ROLE",
            "name_prefix": "",
            "path": "/",
            "permissions_boundary": null,
            "tags": {},
            "tags_all": {},
            "unique_id": "AROAQS4GDIPLPN6NZ2WIT"
          },
          "sensitive_attributes": [],
          "private": "bnVsbA=="
        }
      ]
    },
    {
      "mode": "managed",
      "type": "aws_internet_gateway",
      "name": "internet_gateway",
      "provider": "provider[\"registry.terraform.io/hashicorp/aws\"]",
      "instances": [
        {
          "schema_version": 0,
          "attributes": {
            "arn": "arn:aws:ec2:us-east-1:040546550742:internet-gateway/igw-0e424643a04601489",
            "id": "igw-0e424643a04601489",
            "owner_id": "040546550742",
            "tags": {
              "Name": "full-scale-3tier-arch-igw"
            },
            "tags_all": {
              "Name": "full-scale-3tier-arch-igw"
            },
            "timeouts": null,
            "vpc_id": "vpc-0045c85c7791bd917"
          },
          "sensitive_attributes": [],
          "private": "eyJlMmJmYjczMC1lY2FhLTExZTYtOGY4OC0zNDM2M2JjN2M0YzAiOnsiY3JlYXRlIjoxMjAwMDAwMDAwMDAwLCJkZWxldGUiOjEyMDAwMDAwMDAwMDAsInVwZGF0ZSI6MTIwMDAwMDAwMDAwMH19",
          "dependencies": [
            "aws_vpc.main_vpc"
          ]
        }
      ]
    },
    {
      "mode": "managed",
      "type": "aws_launch_template",
      "name": "ec2_launch_template",
      "provider": "provider[\"registry.terraform.io/hashicorp/aws\"]",
      "instances": [
        {
          "schema_version": 0,
          "attributes": {
            "arn": "arn:aws:ec2:us-east-1:040546550742:launch-template/lt-090c842005c511472",
            "block_device_mappings": [],
            "capacity_reservation_specification": [],
            "cpu_options": [],
            "credit_specification": [
              {
                "cpu_credits": "standard"
              }
            ],
            "default_version": 1,
            "description": "Infrastructure demo Launch Template",
            "disable_api_stop": false,
            "disable_api_termination": false,
            "ebs_optimized": "",
            "elastic_gpu_specifications": [],
            "elastic_inference_accelerator": [],
            "enclave_options": [],
            "hibernation_options": [],
            "iam_instance_profile": [
              {
                "arn": "",
                "name": "PB-SN-EC2-Profile20231010030521567500000001"
              }
            ],
            "id": "lt-090c842005c511472",
            "image_id": "ami-053b0d53c279acc90",
            "instance_initiated_shutdown_behavior": "",
            "instance_market_options": [],
            "instance_requirements": [],
            "instance_type": "t2.micro",
            "kernel_id": "",
            "key_name": "k8",
            "latest_version": 1,
            "license_specification": [],
            "maintenance_options": [],
            "metadata_options": [],
            "monitoring": [],
            "name": "EC2-TL20231010030540589700000003",
            "name_prefix": "EC2-TL",
            "network_interfaces": [],
            "placement": [],
            "private_dns_name_options": [],
            "ram_disk_id": "",
            "security_group_names": [],
            "tag_specifications": [],
            "tags": {},
            "tags_all": {},
            "update_default_version": null,
            "user_data": "IyEvYmluL2Jhc2ggLXhlCgpBTEJETlNOQU1FPSQoYXdzIHNzbSBnZXQtcGFyYW1ldGVycyAtLXJlZ2lvbiB1cy1lYXN0LTEgLS1uYW1lcyAvSW5mcmFzdHJ1Y3R1cmUvRGVtby9BTEJETlNOYW1lIC0tcXVlcnkgUGFyYW1ldGVyc1swXS5WYWx1ZSkKQUxCRE5TTkFNRT1gZWNobyAkQUxCRE5TTkFNRSB8IHNlZCAtZSAncy9eIi8vJyAtZSAncy8iJC8vJ2AgICMgSXQgd2lsbCBsb2FkIHRoZSBkbnMgbmFtZSBvZiBBTEIgaW50byB0aGUgZW52aXJvbmVtZW50IHZhcmlhYmxlIGZyb20gcGFyYW1ldGVyIHN0b3JlCgoKRUZTRlNJRD0kKGF3cyBzc20gZ2V0LXBhcmFtZXRlcnMgLS1yZWdpb24gdXMtZWFzdC0xIC0tbmFtZXMgL0luZnJhc3RydWN0dXJlL0RlbW8vRUZTRlNJRCAtLXF1ZXJ5IFBhcmFtZXRlcnNbMF0uVmFsdWUpCkVGU0ZTSUQ9YGVjaG8gJEVGU0ZTSUQgfCBzZWQgLWUgJ3MvXiIvLycgLWUgJ3MvIiQvLydgCgoKREJQYXNzd29yZD0kKGF3cyBzc20gZ2V0LXBhcmFtZXRlcnMgLS1yZWdpb24gdXMtZWFzdC0xIC0tbmFtZXMgL0luZnJhc3RydWN0dXJlL0RlbW8vREJQYXNzd29yZCAtLXdpdGgtZGVjcnlwdGlvbiAtLXF1ZXJ5IFBhcmFtZXRlcnNbMF0uVmFsdWUpCkRCUGFzc3dvcmQ9YGVjaG8gJERCUGFzc3dvcmQgfCBzZWQgLWUgJ3MvXiIvLycgLWUgJ3MvIiQvLydgCgpEQlJvb3RQYXNzd29yZD0kKGF3cyBzc20gZ2V0LXBhcmFtZXRlcnMgLS1yZWdpb24gdXMtZWFzdC0xIC0tbmFtZXMgL0E0TC9Xb3JkcHJlc3MvREJSb290UGFzc3dvcmQgLS13aXRoLWRlY3J5cHRpb24gLS1xdWVyeSBQYXJhbWV0ZXJzWzBdLlZhbHVlKQpEQlJvb3RQYXNzd29yZD1gZWNobyAkREJSb290UGFzc3dvcmQgfCBzZWQgLWUgJ3MvXiIvLycgLWUgJ3MvIiQvLydgCgpEQlVzZXI9JChhd3Mgc3NtIGdldC1wYXJhbWV0ZXJzIC0tcmVnaW9uIHVzLWVhc3QtMSAtLW5hbWVzIC9JbmZyYXN0cnVjdHVyZS9EZW1vL0RCVXNlciAtLXF1ZXJ5IFBhcmFtZXRlcnNbMF0uVmFsdWUpCkRCVXNlcj1gZWNobyAkREJVc2VyIHwgc2VkIC1lICdzL14iLy8nIC1lICdzLyIkLy8nYAoKREJOYW1lPSQoYXdzIHNzbSBnZXQtcGFyYW1ldGVycyAtLXJlZ2lvbiB1cy1lYXN0LTEgLS1uYW1lcyAvSW5mcmFzdHJ1Y3R1cmUvRGVtby9EQk5hbWUgLS1xdWVyeSBQYXJhbWV0ZXJzWzBdLlZhbHVlKQpEQk5hbWU9YGVjaG8gJERCTmFtZSB8IHNlZCAtZSAncy9eIi8vJyAtZSAncy8iJC8vJ2AKCkRCRW5kcG9pbnQ9JChhd3Mgc3NtIGdldC1wYXJhbWV0ZXJzIC0tcmVnaW9uIHVzLWVhc3QtMSAtLW5hbWVzIC9JbmZyYXN0cnVjdHVyZS9EZW1vL0RCRW5kcG9pbnQgLS1xdWVyeSBQYXJhbWV0ZXJzWzBdLlZhbHVlKQpEQkVuZHBvaW50PWBlY2hvICREQkVuZHBvaW50IHwgc2VkIC1lICdzL14iLy8nIC1lICdzLyIkLy8nYAoKIyBUaGlzIGNvbW1hbmQgd2lsbCBwb2ludCB0aGUgZGF0YSB0byBiZSBmZXRjaGVkIGZyb20gcmRzIGluc3RhbmNlIHRoYXQgaXMgY29uZmlndXJlZCBpbiBEQkVuZHBvaW50CnN1ZG8gc2VkIC1pICJzLydsb2NhbGhvc3QnLyckREJFbmRwb2ludCcvZyIgL3Zhci93d3cvaHRtbC93cC1jb25maWcucGhwCgphcHQgLXkgdXBkYXRlCgphcHQgaW5zdGFsbCB3Z2V0IHBocC1teXNxbG5kIGh0dHBkIHBocC1mcG0gcGhwLW15c3FsaSBtYXJpYWRiMTA1LXNlcnZlciBwaHAtanNvbiBwaHAgcGhwLWRldmVsIHN0cmVzcyBhbWF6b24tZWZzLXV0aWxzIC15CgpzeXN0ZW1jdGwgZW5hYmxlIGh0dHBkCnN5c3RlbWN0bCBzdGFydCBodHRwZAoKbWtkaXIgLXAgL3Zhci93d3cvaHRtbC93cC1jb250ZW50ICAjIENyZWF0ZXMgdGhlIG5ldyBmb2xkZXIgaW4gdGhlIG5ld2x5IGxhdW5jaGVkIGVjMiBpbnN0YW5jZQpjaG93biAtUiBlYzItdXNlcjphcGFjaGUgL3Zhci93d3cvICAjIGNoYW5nZSB0aGUgb3duZXJzaGlwIG9mIHRoZSBlbnRpcmUgZm9sZGVyIHRyZWUKZWNobyAtZSAiJEVGU0ZTSUQ6LyAvdmFyL3d3dy9odG1sL3dwLWNvbnRlbnQgZWZzIF9uZXRkZXYsdGxzLGlhbSAwIDAiID4+IC9ldGMvZnN0YWIgICMgTW91bnRpbmcgdGhlIGVmcyB0byB0aGUgZWMyIGluc3RhbmNlCm1vdW50IC1hIC10IGVmcyBkZWZhdWx0cwoKCndnZXQgaHR0cDovL3dvcmRwcmVzcy5vcmcvbGF0ZXN0LnRhci5neiAtUCAvdmFyL3d3dy9odG1sCmNkIC92YXIvd3d3L2h0bWwKdGFyIC16eHZmIGxhdGVzdC50YXIuZ3oKY3AgLXJ2ZiB3b3JkcHJlc3MvKiAuCnJtIC1SIHdvcmRwcmVzcwpybSBsYXRlc3QudGFyLmd6CgpzdWRvIGNwIC4vd3AtY29uZmlnLXNhbXBsZS5waHAgLi93cC1jb25maWcucGhwCnNlZCAtaSAicy8nZGF0YWJhc2VfbmFtZV9oZXJlJy8nJERCTmFtZScvZyIgd3AtY29uZmlnLnBocApzZWQgLWkgInMvJ3VzZXJuYW1lX2hlcmUnLyckREJVc2VyJy9nIiB3cC1jb25maWcucGhwCnNlZCAtaSAicy8ncGFzc3dvcmRfaGVyZScvJyREQlBhc3N3b3JkJy9nIiB3cC1jb25maWcucGhwCnNlZCAtaSAicy8nbG9jYWxob3N0Jy8nJERCRW5kcG9pbnQnL2ciIHdwLWNvbmZpZy5waHAKCnVzZXJtb2QgLWEgLUcgYXBhY2hlIGVjMi11c2VyICAgCmNob3duIC1SIGVjMi11c2VyOmFwYWNoZSAvdmFyL3d3dwpjaG1vZCAyNzc1IC92YXIvd3d3CmZpbmQgL3Zhci93d3cgLXR5cGUgZCAtZXhlYyBjaG1vZCAyNzc1IHt9IFw7CmZpbmQgL3Zhci93d3cgLXR5cGUgZiAtZXhlYyBjaG1vZCAwNjY0IHt9IFw7CgoKIyBUaGlzIHNjcmlwdCB3aWxsIG1ha2UgdXNlIG9mIHRoZSBkbnMgbmFtZSBvZiBBTEIgaW5zdGVhZCBvZiB0aGUgaGFyZGNvZGVkIGlwLWFkZHJlc3Mgb2YgZWMyIGluc3RhbmNlCgpjYXQgPj4gL2hvbWUvZWMyLXVzZXIvdXBkYXRlX3dwX2lwLnNoPDwgJ0VPRicKIyEvYmluL2Jhc2gKc291cmNlIDwocGhwIC1yICdyZXF1aXJlKCIvdmFyL3d3dy9odG1sL3dwLWNvbmZpZy5waHAiKTsgZWNobygiREJfTkFNRT0iLkRCX05BTUUuIjsgREJfVVNFUj0iLkRCX1VTRVIuIjsgREJfUEFTU1dPUkQ9Ii5EQl9QQVNTV09SRC4iOyBEQl9IT1NUPSIuREJfSE9TVCk7ICcpClNRTF9DT01NQU5EPSJteXNxbCAtdSAkREJfVVNFUiAtaCAkREJfSE9TVCAtcCREQl9QQVNTV09SRCAkREJfTkFNRSAtZSIKT0xEX1VSTD0kKG15c3FsIC11ICREQl9VU0VSIC1oICREQl9IT1NUIC1wJERCX1BBU1NXT1JEICREQl9OQU1FIC1lICdzZWxlY3Qgb3B0aW9uX3ZhbHVlIGZyb20gd3Bfb3B0aW9ucyB3aGVyZSBvcHRpb25faWQgPSAxOycgfCBncmVwIGh0dHApCgpBTEJETlNOQU1FPSQoYXdzIHNzbSBnZXQtcGFyYW1ldGVycyAtLXJlZ2lvbiB1cy1lYXN0LTEgLS1uYW1lcyAvSW5mcmFzdHJ1Y3R1cmUvRGVtby9BTEJETlNOYW1lIC0tcXVlcnkgUGFyYW1ldGVyc1swXS5WYWx1ZSkKQUxCRE5TTkFNRT1gZWNobyAkQUxCRE5TTkFNRSB8IHNlZCAtZSAncy9eIi8vJyAtZSAncy8iJC8vJ2AKCiRTUUxfQ09NTUFORCAiVVBEQVRFIHdwX29wdGlvbnMgU0VUIG9wdGlvbl92YWx1ZSA9IHJlcGxhY2Uob3B0aW9uX3ZhbHVlLCAnJE9MRF9VUkwnLCAnaHR0cDovLyRBTEJETlNOQU1FJykgV0hFUkUgb3B0aW9uX25hbWUgPSAnaG9tZScgT1Igb3B0aW9uX25hbWUgPSAnc2l0ZXVybCc7IgokU1FMX0NPTU1BTkQgIlVQREFURSB3cF9wb3N0cyBTRVQgZ3VpZCA9IHJlcGxhY2UoZ3VpZCwgJyRPTERfVVJMJywnaHR0cDovLyRBTEJETlNOQU1FJyk7IgokU1FMX0NPTU1BTkQgIlVQREFURSB3cF9wb3N0cyBTRVQgcG9zdF9jb250ZW50ID0gcmVwbGFjZShwb3N0X2NvbnRlbnQsICckT0xEX1VSTCcsICdodHRwOi8vJEFMQkROU05BTUUnKTsiCiRTUUxfQ09NTUFORCAiVVBEQVRFIHdwX3Bvc3RtZXRhIFNFVCBtZXRhX3ZhbHVlID0gcmVwbGFjZShtZXRhX3ZhbHVlLCckT0xEX1VSTCcsJ2h0dHA6Ly8kQUxCRE5TTkFNRScpOyIKRU9GCgpjaG1vZCA3NTUgL2hvbWUvZWMyLXVzZXIvdXBkYXRlX3dwX2lwLnNoCmVjaG8gIi9ob21lL2VjMi11c2VyL3VwZGF0ZV93cF9pcC5zaCIgPj4gL2V0Yy9yYy5sb2NhbAovaG9tZS9lYzItdXNlci91cGRhdGVfd3BfaXAuc2g=",
            "vpc_security_group_ids": [
              "sg-07fdcc3384e3caeee"
            ]
          },
          "sensitive_attributes": [],
          "private": "bnVsbA==",
          "dependencies": [
            "aws_iam_instance_profile.instance_profile",
            "aws_iam_role.ec2_instance_role",
            "aws_security_group.SGpublicSN",
            "aws_vpc.main_vpc"
          ]
        }
      ]
    },
    {
      "mode": "managed",
      "type": "aws_lb",
      "name": "lb",
      "provider": "provider[\"registry.terraform.io/hashicorp/aws\"]",
      "instances": [
        {
          "schema_version": 0,
          "attributes": {
            "access_logs": [
              {
                "bucket": "",
                "enabled": false,
                "prefix": ""
              }
            ],
            "arn": "arn:aws:elasticloadbalancing:us-east-1:040546550742:loadbalancer/app/LB-Demo/ab68e7fb0639b5f7",
            "arn_suffix": "app/LB-Demo/ab68e7fb0639b5f7",
            "customer_owned_ipv4_pool": "",
            "desync_mitigation_mode": "defensive",
            "dns_name": "LB-Demo-833779236.us-east-1.elb.amazonaws.com",
            "drop_invalid_header_fields": false,
            "enable_cross_zone_load_balancing": true,
            "enable_deletion_protection": false,
            "enable_http2": true,
            "enable_tls_version_and_cipher_suite_headers": false,
            "enable_waf_fail_open": false,
            "enable_xff_client_port": false,
            "id": "arn:aws:elasticloadbalancing:us-east-1:040546550742:loadbalancer/app/LB-Demo/ab68e7fb0639b5f7",
            "idle_timeout": 60,
            "internal": false,
            "ip_address_type": "ipv4",
            "load_balancer_type": "application",
            "name": "LB-Demo",
            "name_prefix": null,
            "preserve_host_header": false,
            "security_groups": [
              "sg-03f5388f98e2e271c"
            ],
            "subnet_mapping": [
              {
                "allocation_id": "",
                "ipv6_address": "",
                "outpost_id": "",
                "private_ipv4_address": "",
                "subnet_id": "subnet-017f0c2086e2c3cd3"
              },
              {
                "allocation_id": "",
                "ipv6_address": "",
                "outpost_id": "",
                "private_ipv4_address": "",
                "subnet_id": "subnet-0d594f67d22390284"
              },
              {
                "allocation_id": "",
                "ipv6_address": "",
                "outpost_id": "",
                "private_ipv4_address": "",
                "subnet_id": "subnet-0dbeb33959610c924"
              }
            ],
            "subnets": [
              "subnet-017f0c2086e2c3cd3",
              "subnet-0d594f67d22390284",
              "subnet-0dbeb33959610c924"
            ],
            "tags": null,
            "tags_all": {},
            "timeouts": null,
            "vpc_id": "vpc-0045c85c7791bd917",
            "xff_header_processing_mode": "append",
            "zone_id": "Z35SXDOTRQ7X7K"
          },
          "sensitive_attributes": [],
          "private": "eyJlMmJmYjczMC1lY2FhLTExZTYtOGY4OC0zNDM2M2JjN2M0YzAiOnsiY3JlYXRlIjo2MDAwMDAwMDAwMDAsImRlbGV0ZSI6NjAwMDAwMDAwMDAwLCJ1cGRhdGUiOjYwMDAwMDAwMDAwMH19",
          "dependencies": [
            "aws_internet_gateway.internet_gateway",
            "aws_security_group.SGLB",
            "aws_vpc.main_vpc"
          ]
        }
      ]
    },
    {
      "mode": "managed",
      "type": "aws_lb_listener",
      "name": "alb_listener",
      "provider": "provider[\"registry.terraform.io/hashicorp/aws\"]",
      "instances": [
        {
          "schema_version": 0,
          "attributes": {
            "alpn_policy": null,
            "arn": "arn:aws:elasticloadbalancing:us-east-1:040546550742:listener/app/LB-Demo/ab68e7fb0639b5f7/98f5cbf1561ac12e",
            "certificate_arn": null,
            "default_action": [
              {
                "authenticate_cognito": [],
                "authenticate_oidc": [],
                "fixed_response": [
                  {
                    "content_type": "text/plain",
                    "message_body": "",
                    "status_code": "200"
                  }
                ],
                "forward": [],
                "order": 1,
                "redirect": [],
                "target_group_arn": "",
                "type": "fixed-response"
              }
            ],
            "id": "arn:aws:elasticloadbalancing:us-east-1:040546550742:listener/app/LB-Demo/ab68e7fb0639b5f7/98f5cbf1561ac12e",
            "load_balancer_arn": "arn:aws:elasticloadbalancing:us-east-1:040546550742:loadbalancer/app/LB-Demo/ab68e7fb0639b5f7",
            "port": 80,
            "protocol": "HTTP",
            "ssl_policy": "",
            "tags": null,
            "tags_all": {},
            "timeouts": null
          },
          "sensitive_attributes": [],
          "private": "eyJlMmJmYjczMC1lY2FhLTExZTYtOGY4OC0zNDM2M2JjN2M0YzAiOnsicmVhZCI6NjAwMDAwMDAwMDAwfX0=",
          "dependencies": [
            "aws_internet_gateway.internet_gateway",
            "aws_lb.lb",
            "aws_security_group.SGLB",
            "aws_vpc.main_vpc"
          ]
        }
      ]
    },
    {
      "mode": "managed",
      "type": "aws_lb_listener_rule",
      "name": "lb_listener_rule",
      "provider": "provider[\"registry.terraform.io/hashicorp/aws\"]",
      "instances": [
        {
          "schema_version": 0,
          "attributes": {
            "action": [
              {
                "authenticate_cognito": [],
                "authenticate_oidc": [],
                "fixed_response": [],
                "forward": [],
                "order": 1,
                "redirect": [],
                "target_group_arn": "arn:aws:elasticloadbalancing:us-east-1:040546550742:targetgroup/EC2-Target-Group/37ad6dfdf9202895",
                "type": "forward"
              }
            ],
            "arn": "arn:aws:elasticloadbalancing:us-east-1:040546550742:listener-rule/app/LB-Demo/ab68e7fb0639b5f7/98f5cbf1561ac12e/2c113c3e130443e0",
            "condition": [
              {
                "host_header": [],
                "http_header": [],
                "http_request_method": [],
                "path_pattern": [
                  {
                    "values": [
                      "/"
                    ]
                  }
                ],
                "query_string": [],
                "source_ip": []
              }
            ],
            "id": "arn:aws:elasticloadbalancing:us-east-1:040546550742:listener-rule/app/LB-Demo/ab68e7fb0639b5f7/98f5cbf1561ac12e/2c113c3e130443e0",
            "listener_arn": "arn:aws:elasticloadbalancing:us-east-1:040546550742:listener/app/LB-Demo/ab68e7fb0639b5f7/98f5cbf1561ac12e",
            "priority": 1,
            "tags": null,
            "tags_all": {}
          },
          "sensitive_attributes": [],
          "private": "bnVsbA==",
          "dependencies": [
            "aws_internet_gateway.internet_gateway",
            "aws_lb.lb",
            "aws_lb_listener.alb_listener",
            "aws_lb_target_group.ec2",
            "aws_security_group.SGLB",
            "aws_vpc.main_vpc"
          ]
        }
      ]
    },
    {
      "mode": "managed",
      "type": "aws_lb_target_group",
      "name": "ec2",
      "provider": "provider[\"registry.terraform.io/hashicorp/aws\"]",
      "instances": [
        {
          "schema_version": 0,
          "attributes": {
            "arn": "arn:aws:elasticloadbalancing:us-east-1:040546550742:targetgroup/EC2-Target-Group/37ad6dfdf9202895",
            "arn_suffix": "targetgroup/EC2-Target-Group/37ad6dfdf9202895",
            "connection_termination": false,
            "deregistration_delay": "300",
            "health_check": [
              {
                "enabled": true,
                "healthy_threshold": 3,
                "interval": 30,
                "matcher": "200-399",
                "path": "/",
                "port": "traffic-port",
                "protocol": "HTTP",
                "timeout": 5,
                "unhealthy_threshold": 2
              }
            ],
            "id": "arn:aws:elasticloadbalancing:us-east-1:040546550742:targetgroup/EC2-Target-Group/37ad6dfdf9202895",
            "ip_address_type": "ipv4",
            "lambda_multi_value_headers_enabled": false,
            "load_balancing_algorithm_type": "round_robin",
            "load_balancing_cross_zone_enabled": "use_load_balancer_configuration",
            "name": "EC2-Target-Group",
            "name_prefix": null,
            "port": 80,
            "preserve_client_ip": null,
            "protocol": "HTTP",
            "protocol_version": "HTTP1",
            "proxy_protocol_v2": false,
            "slow_start": 0,
            "stickiness": [
              {
                "cookie_duration": 86400,
                "cookie_name": "",
                "enabled": false,
                "type": "lb_cookie"
              }
            ],
            "tags": {},
            "tags_all": {},
            "target_failover": [
              {
                "on_deregistration": null,
                "on_unhealthy": null
              }
            ],
            "target_type": "instance",
            "vpc_id": "vpc-0045c85c7791bd917"
          },
          "sensitive_attributes": [],
          "private": "bnVsbA==",
          "dependencies": [
            "aws_vpc.main_vpc"
          ]
        }
      ]
    },
    {
      "mode": "managed",
      "type": "aws_route_table",
      "name": "pb_rt",
      "provider": "provider[\"registry.terraform.io/hashicorp/aws\"]",
      "instances": [
        {
          "schema_version": 0,
          "attributes": {
            "arn": "arn:aws:ec2:us-east-1:040546550742:route-table/rtb-07b56c1b744d6bfff",
            "id": "rtb-07b56c1b744d6bfff",
            "owner_id": "040546550742",
            "propagating_vgws": [],
            "route": [
              {
                "carrier_gateway_id": "",
                "cidr_block": "0.0.0.0/0",
                "core_network_arn": "",
                "destination_prefix_list_id": "",
                "egress_only_gateway_id": "",
                "gateway_id": "igw-0e424643a04601489",
                "ipv6_cidr_block": "",
                "local_gateway_id": "",
                "nat_gateway_id": "",
                "network_interface_id": "",
                "transit_gateway_id": "",
                "vpc_endpoint_id": "",
                "vpc_peering_connection_id": ""
              }
            ],
            "tags": {
              "Name": "public route table"
            },
            "tags_all": {
              "Name": "public route table"
            },
            "timeouts": null,
            "vpc_id": "vpc-0045c85c7791bd917"
          },
          "sensitive_attributes": [],
          "private": "eyJlMmJmYjczMC1lY2FhLTExZTYtOGY4OC0zNDM2M2JjN2M0YzAiOnsiY3JlYXRlIjozMDAwMDAwMDAwMDAsImRlbGV0ZSI6MzAwMDAwMDAwMDAwLCJ1cGRhdGUiOjEyMDAwMDAwMDAwMH19",
          "dependencies": [
            "aws_internet_gateway.internet_gateway",
            "aws_vpc.main_vpc"
          ]
        }
      ]
    },
    {
      "mode": "managed",
      "type": "aws_route_table_association",
      "name": "pb_rt_assoc_pb1",
      "provider": "provider[\"registry.terraform.io/hashicorp/aws\"]",
      "instances": [
        {
          "schema_version": 0,
          "attributes": {
            "gateway_id": "",
            "id": "rtbassoc-047f5c58800ac6c92",
            "route_table_id": "rtb-07b56c1b744d6bfff",
            "subnet_id": "subnet-017f0c2086e2c3cd3",
            "timeouts": null
          },
          "sensitive_attributes": [],
          "private": "eyJlMmJmYjczMC1lY2FhLTExZTYtOGY4OC0zNDM2M2JjN2M0YzAiOnsiY3JlYXRlIjozMDAwMDAwMDAwMDAsImRlbGV0ZSI6MzAwMDAwMDAwMDAwLCJ1cGRhdGUiOjEyMDAwMDAwMDAwMH19",
          "dependencies": [
            "aws_internet_gateway.internet_gateway",
            "aws_route_table.pb_rt",
            "aws_subnet.pb_sn_az1",
            "aws_vpc.main_vpc",
            "data.aws_availability_zones.available_zones"
          ]
        }
      ]
    },
    {
      "mode": "managed",
      "type": "aws_route_table_association",
      "name": "pb_rt_assoc_pb2",
      "provider": "provider[\"registry.terraform.io/hashicorp/aws\"]",
      "instances": [
        {
          "schema_version": 0,
          "attributes": {
            "gateway_id": "",
            "id": "rtbassoc-09e5291b273cf137c",
            "route_table_id": "rtb-07b56c1b744d6bfff",
            "subnet_id": "subnet-0d594f67d22390284",
            "timeouts": null
          },
          "sensitive_attributes": [],
          "private": "eyJlMmJmYjczMC1lY2FhLTExZTYtOGY4OC0zNDM2M2JjN2M0YzAiOnsiY3JlYXRlIjozMDAwMDAwMDAwMDAsImRlbGV0ZSI6MzAwMDAwMDAwMDAwLCJ1cGRhdGUiOjEyMDAwMDAwMDAwMH19",
          "dependencies": [
            "aws_internet_gateway.internet_gateway",
            "aws_route_table.pb_rt",
            "aws_subnet.pb_sn_az2",
            "aws_vpc.main_vpc",
            "data.aws_availability_zones.available_zones"
          ]
        }
      ]
    },
    {
      "mode": "managed",
      "type": "aws_route_table_association",
      "name": "pb_rt_assoc_pb3",
      "provider": "provider[\"registry.terraform.io/hashicorp/aws\"]",
      "instances": [
        {
          "schema_version": 0,
          "attributes": {
            "gateway_id": "",
            "id": "rtbassoc-0b9cca3bb257c72fc",
            "route_table_id": "rtb-07b56c1b744d6bfff",
            "subnet_id": "subnet-0dbeb33959610c924",
            "timeouts": null
          },
          "sensitive_attributes": [],
          "private": "eyJlMmJmYjczMC1lY2FhLTExZTYtOGY4OC0zNDM2M2JjN2M0YzAiOnsiY3JlYXRlIjozMDAwMDAwMDAwMDAsImRlbGV0ZSI6MzAwMDAwMDAwMDAwLCJ1cGRhdGUiOjEyMDAwMDAwMDAwMH19",
          "dependencies": [
            "aws_internet_gateway.internet_gateway",
            "aws_route_table.pb_rt",
            "aws_subnet.pb_sn_az3",
            "aws_vpc.main_vpc",
            "data.aws_availability_zones.available_zones"
          ]
        }
      ]
    },
    {
      "mode": "managed",
      "type": "aws_security_group",
      "name": "SGLB",
      "provider": "provider[\"registry.terraform.io/hashicorp/aws\"]",
      "instances": [
        {
          "schema_version": 1,
          "attributes": {
            "arn": "arn:aws:ec2:us-east-1:040546550742:security-group/sg-03f5388f98e2e271c",
            "description": "Allow public internet in",
            "egress": [],
            "id": "sg-03f5388f98e2e271c",
            "ingress": [
              {
                "cidr_blocks": [
                  "0.0.0.0/0"
                ],
                "description": "",
                "from_port": 80,
                "ipv6_cidr_blocks": [],
                "prefix_list_ids": [],
                "protocol": "tcp",
                "security_groups": [],
                "self": false,
                "to_port": 80
              }
            ],
            "name": "10.16.0.0/16-lb-sg",
            "name_prefix": "",
            "owner_id": "040546550742",
            "revoke_rules_on_delete": false,
            "tags": {},
            "tags_all": {},
            "timeouts": null,
            "vpc_id": "vpc-0045c85c7791bd917"
          },
          "sensitive_attributes": [],
          "private": "eyJlMmJmYjczMC1lY2FhLTExZTYtOGY4OC0zNDM2M2JjN2M0YzAiOnsiY3JlYXRlIjo2MDAwMDAwMDAwMDAsImRlbGV0ZSI6OTAwMDAwMDAwMDAwfSwic2NoZW1hX3ZlcnNpb24iOiIxIn0=",
          "dependencies": [
            "aws_vpc.main_vpc"
          ]
        }
      ]
    },
    {
      "mode": "managed",
      "type": "aws_security_group",
      "name": "SGpublicSN",
      "provider": "provider[\"registry.terraform.io/hashicorp/aws\"]",
      "instances": [
        {
          "schema_version": 1,
          "attributes": {
            "arn": "arn:aws:ec2:us-east-1:040546550742:security-group/sg-07fdcc3384e3caeee",
            "description": "It allows public subnet to connect with the internet",
            "egress": [],
            "id": "sg-07fdcc3384e3caeee",
            "ingress": [
              {
                "cidr_blocks": [
                  "0.0.0.0/0"
                ],
                "description": "",
                "from_port": 80,
                "ipv6_cidr_blocks": [],
                "prefix_list_ids": [],
                "protocol": "tcp",
                "security_groups": [],
                "self": false,
                "to_port": 80
              }
            ],
            "name": "10.16.0.0/16-public-SG",
            "name_prefix": "",
            "owner_id": "040546550742",
            "revoke_rules_on_delete": false,
            "tags": {},
            "tags_all": {},
            "timeouts": null,
            "vpc_id": "vpc-0045c85c7791bd917"
          },
          "sensitive_attributes": [],
          "private": "eyJlMmJmYjczMC1lY2FhLTExZTYtOGY4OC0zNDM2M2JjN2M0YzAiOnsiY3JlYXRlIjo2MDAwMDAwMDAwMDAsImRlbGV0ZSI6OTAwMDAwMDAwMDAwfSwic2NoZW1hX3ZlcnNpb24iOiIxIn0=",
          "dependencies": [
            "aws_vpc.main_vpc"
          ]
        }
      ]
    },
    {
      "mode": "managed",
      "type": "aws_security_group",
      "name": "SGpvtapp",
      "provider": "provider[\"registry.terraform.io/hashicorp/aws\"]",
      "instances": [
        {
          "schema_version": 1,
          "attributes": {
            "arn": "arn:aws:ec2:us-east-1:040546550742:security-group/sg-07fb2e4d70384239f",
            "description": "Allow EFS in",
            "egress": [],
            "id": "sg-07fb2e4d70384239f",
            "ingress": [
              {
                "cidr_blocks": [],
                "description": "",
                "from_port": 2049,
                "ipv6_cidr_blocks": [],
                "prefix_list_ids": [],
                "protocol": "tcp",
                "security_groups": [
                  "sg-07fdcc3384e3caeee"
                ],
                "self": false,
                "to_port": 2049
              }
            ],
            "name": "10.16.0.0/16-pvt-appsn-sg",
            "name_prefix": "",
            "owner_id": "040546550742",
            "revoke_rules_on_delete": false,
            "tags": {},
            "tags_all": {},
            "timeouts": null,
            "vpc_id": "vpc-0045c85c7791bd917"
          },
          "sensitive_attributes": [],
          "private": "eyJlMmJmYjczMC1lY2FhLTExZTYtOGY4OC0zNDM2M2JjN2M0YzAiOnsiY3JlYXRlIjo2MDAwMDAwMDAwMDAsImRlbGV0ZSI6OTAwMDAwMDAwMDAwfSwic2NoZW1hX3ZlcnNpb24iOiIxIn0=",
          "dependencies": [
            "aws_security_group.SGpublicSN",
            "aws_vpc.main_vpc"
          ]
        }
      ]
    },
    {
      "mode": "managed",
      "type": "aws_security_group",
      "name": "SGpvtdb",
      "provider": "provider[\"registry.terraform.io/hashicorp/aws\"]",
      "instances": [
        {
          "schema_version": 1,
          "attributes": {
            "arn": "arn:aws:ec2:us-east-1:040546550742:security-group/sg-0fc36504ef41b9673",
            "description": "Allow MySQL in",
            "egress": [],
            "id": "sg-0fc36504ef41b9673",
            "ingress": [
              {
                "cidr_blocks": [],
                "description": "",
                "from_port": 3306,
                "ipv6_cidr_blocks": [],
                "prefix_list_ids": [],
                "protocol": "tcp",
                "security_groups": [
                  "sg-07fdcc3384e3caeee"
                ],
                "self": false,
                "to_port": 3306
              }
            ],
            "name": "10.16.0.0/16-pvt-dbsn-sg",
            "name_prefix": "",
            "owner_id": "040546550742",
            "revoke_rules_on_delete": false,
            "tags": {},
            "tags_all": {},
            "timeouts": null,
            "vpc_id": "vpc-0045c85c7791bd917"
          },
          "sensitive_attributes": [],
          "private": "eyJlMmJmYjczMC1lY2FhLTExZTYtOGY4OC0zNDM2M2JjN2M0YzAiOnsiY3JlYXRlIjo2MDAwMDAwMDAwMDAsImRlbGV0ZSI6OTAwMDAwMDAwMDAwfSwic2NoZW1hX3ZlcnNpb24iOiIxIn0=",
          "dependencies": [
            "aws_security_group.SGpublicSN",
            "aws_vpc.main_vpc"
          ]
        }
      ]
    },
    {
      "mode": "managed",
      "type": "aws_ssm_parameter",
      "name": "alb_dns",
      "provider": "provider[\"registry.terraform.io/hashicorp/aws\"]",
      "instances": [
        {
          "schema_version": 0,
          "attributes": {
            "allowed_pattern": "",
            "arn": "arn:aws:ssm:us-east-1:040546550742:parameter/Infrastructure/Demo/ALBDNSName",
            "data_type": "text",
            "description": "DNS name of ALB",
            "id": "/Infrastructure/Demo/ALBDNSName",
            "insecure_value": null,
            "key_id": "",
            "name": "/Infrastructure/Demo/ALBDNSName",
            "overwrite": null,
            "tags": null,
            "tags_all": {},
            "tier": "Standard",
            "type": "String",
            "value": "LB-Demo-833779236.us-east-1.elb.amazonaws.com",
            "version": 1
          },
          "sensitive_attributes": [],
          "private": "bnVsbA==",
          "dependencies": [
            "aws_internet_gateway.internet_gateway",
            "aws_lb.lb",
            "aws_security_group.SGLB",
            "aws_vpc.main_vpc"
          ]
        }
      ]
    },
    {
      "mode": "managed",
      "type": "aws_ssm_parameter",
      "name": "efs_fs_id",
      "provider": "provider[\"registry.terraform.io/hashicorp/aws\"]",
      "instances": [
        {
          "schema_version": 0,
          "attributes": {
            "allowed_pattern": "",
            "arn": "arn:aws:ssm:us-east-1:040546550742:parameter/Infrastructure/Demo/EFSFSID",
            "data_type": "text",
            "description": "EFS FS ID for wordpress website",
            "id": "/Infrastructure/Demo/EFSFSID",
            "insecure_value": null,
            "key_id": "",
            "name": "/Infrastructure/Demo/EFSFSID",
            "overwrite": null,
            "tags": {},
            "tags_all": {},
            "tier": "Standard",
            "type": "String",
            "value": "fs-0dc44dd230df7ed74",
            "version": 1
          },
          "sensitive_attributes": [],
          "private": "bnVsbA==",
          "dependencies": [
            "aws_efs_file_system.efs"
          ]
        }
      ]
    },
    {
      "mode": "managed",
      "type": "aws_ssm_parameter",
      "name": "efs_parameter",
      "provider": "provider[\"registry.terraform.io/hashicorp/aws\"]",
      "instances": [
        {
          "schema_version": 0,
          "attributes": {
            "allowed_pattern": "",
            "arn": "arn:aws:ssm:us-east-1:040546550742:parameter/Infrastructure/Demo/EFSID",
            "data_type": "text",
            "description": "EFS ID parameter",
            "id": "/Infrastructure/Demo/EFSID",
            "insecure_value": null,
            "key_id": "",
            "name": "/Infrastructure/Demo/EFSID",
            "overwrite": null,
            "tags": {},
            "tags_all": {},
            "tier": "Standard",
            "type": "String",
            "value": "fs-0dc44dd230df7ed74",
            "version": 1
          },
          "sensitive_attributes": [],
          "private": "bnVsbA==",
          "dependencies": [
            "aws_efs_file_system.efs"
          ]
        }
      ]
    },
    {
      "mode": "managed",
      "type": "aws_ssm_parameter",
      "name": "rds_endpoint",
      "provider": "provider[\"registry.terraform.io/hashicorp/aws\"]",
      "instances": [
        {
          "schema_version": 0,
          "attributes": {
            "allowed_pattern": "",
            "arn": "arn:aws:ssm:us-east-1:040546550742:parameter/Infrastructure/Demo/DBEndpoint",
            "data_type": "text",
            "description": "The Endpoint of the rds data base",
            "id": "/Infrastructure/Demo/DBEndpoint",
            "insecure_value": null,
            "key_id": "",
            "name": "/Infrastructure/Demo/DBEndpoint",
            "overwrite": null,
            "tags": {},
            "tags_all": {},
            "tier": "Standard",
            "type": "String",
            "value": "terraform-20231010030539609200000002.clq59knct39j.us-east-1.rds.amazonaws.com:3306",
            "version": 1
          },
          "sensitive_attributes": [],
          "private": "bnVsbA==",
          "dependencies": [
            "aws_db_instance.rds_cluster",
            "aws_db_subnet_group.db_sn_group",
            "aws_subnet.pvt_sn_db_az1",
            "aws_subnet.pvt_sn_db_az2",
            "aws_subnet.pvt_sn_db_az3",
            "aws_vpc.main_vpc",
            "data.aws_availability_zones.available_zones"
          ]
        }
      ]
    },
    {
      "mode": "managed",
      "type": "aws_ssm_parameter",
      "name": "rds_parameter_db_name",
      "provider": "provider[\"registry.terraform.io/hashicorp/aws\"]",
      "instances": [
        {
          "schema_version": 0,
          "attributes": {
            "allowed_pattern": "",
            "arn": "arn:aws:ssm:us-east-1:040546550742:parameter/Infrastructure/Demo/DBName",
            "data_type": "text",
            "description": "Database Name",
            "id": "/Infrastructure/Demo/DBName",
            "insecure_value": null,
            "key_id": "",
            "name": "/Infrastructure/Demo/DBName",
            "overwrite": null,
            "tags": {},
            "tags_all": {},
            "tier": "Standard",
            "type": "String",
            "value": "a4lwordpressuserdb",
            "version": 1
          },
          "sensitive_attributes": [],
          "private": "bnVsbA=="
        }
      ]
    },
    {
      "mode": "managed",
      "type": "aws_ssm_parameter",
      "name": "rds_parameter_db_user",
      "provider": "provider[\"registry.terraform.io/hashicorp/aws\"]",
      "instances": [
        {
          "schema_version": 0,
          "attributes": {
            "allowed_pattern": "",
            "arn": "arn:aws:ssm:us-east-1:040546550742:parameter/Infrastructure/Demo/DBUser",
            "data_type": "text",
            "description": "Database User",
            "id": "/Infrastructure/Demo/DBUser",
            "insecure_value": null,
            "key_id": "",
            "name": "/Infrastructure/Demo/DBUser",
            "overwrite": null,
            "tags": {},
            "tags_all": {},
            "tier": "Standard",
            "type": "String",
            "value": "a4lwordpressuser",
            "version": 1
          },
          "sensitive_attributes": [],
          "private": "bnVsbA=="
        }
      ]
    },
    {
      "mode": "managed",
      "type": "aws_ssm_parameter",
      "name": "rds_parameter_db_userPass",
      "provider": "provider[\"registry.terraform.io/hashicorp/aws\"]",
      "instances": [
        {
          "schema_version": 0,
          "attributes": {
            "allowed_pattern": "",
            "arn": "arn:aws:ssm:us-east-1:040546550742:parameter/Infrastructure/Demo/DBPassword",
            "data_type": "text",
            "description": "Database DB Password",
            "id": "/Infrastructure/Demo/DBPassword",
            "insecure_value": null,
            "key_id": "alias/aws/ssm",
            "name": "/Infrastructure/Demo/DBPassword",
            "overwrite": null,
            "tags": {},
            "tags_all": {},
            "tier": "Standard",
            "type": "SecureString",
            "value": "VishvDeshwal1234567890",
            "version": 1
          },
          "sensitive_attributes": [],
          "private": "bnVsbA=="
        }
      ]
    },
    {
      "mode": "managed",
      "type": "aws_subnet",
      "name": "pb_sn_az1",
      "provider": "provider[\"registry.terraform.io/hashicorp/aws\"]",
      "instances": [
        {
          "schema_version": 1,
          "attributes": {
            "arn": "arn:aws:ec2:us-east-1:040546550742:subnet/subnet-017f0c2086e2c3cd3",
            "assign_ipv6_address_on_creation": false,
            "availability_zone": "us-east-1a",
            "availability_zone_id": "use1-az4",
            "cidr_block": "10.16.48.0/20",
            "customer_owned_ipv4_pool": "",
            "enable_dns64": false,
            "enable_lni_at_device_index": 0,
            "enable_resource_name_dns_a_record_on_launch": false,
            "enable_resource_name_dns_aaaa_record_on_launch": false,
            "id": "subnet-017f0c2086e2c3cd3",
            "ipv6_cidr_block": "",
            "ipv6_cidr_block_association_id": "",
            "ipv6_native": false,
            "map_customer_owned_ip_on_launch": false,
            "map_public_ip_on_launch": true,
            "outpost_arn": "",
            "owner_id": "040546550742",
            "private_dns_hostname_type_on_launch": "ip-name",
            "tags": {
              "Name": "pb-sn-az1"
            },
            "tags_all": {
              "Name": "pb-sn-az1"
            },
            "timeouts": null,
            "vpc_id": "vpc-0045c85c7791bd917"
          },
          "sensitive_attributes": [],
          "private": "eyJlMmJmYjczMC1lY2FhLTExZTYtOGY4OC0zNDM2M2JjN2M0YzAiOnsiY3JlYXRlIjo2MDAwMDAwMDAwMDAsImRlbGV0ZSI6MTIwMDAwMDAwMDAwMH0sInNjaGVtYV92ZXJzaW9uIjoiMSJ9",
          "dependencies": [
            "aws_vpc.main_vpc",
            "data.aws_availability_zones.available_zones"
          ]
        }
      ]
    },
    {
      "mode": "managed",
      "type": "aws_subnet",
      "name": "pb_sn_az2",
      "provider": "provider[\"registry.terraform.io/hashicorp/aws\"]",
      "instances": [
        {
          "schema_version": 1,
          "attributes": {
            "arn": "arn:aws:ec2:us-east-1:040546550742:subnet/subnet-0d594f67d22390284",
            "assign_ipv6_address_on_creation": false,
            "availability_zone": "us-east-1b",
            "availability_zone_id": "use1-az6",
            "cidr_block": "10.16.112.0/20",
            "customer_owned_ipv4_pool": "",
            "enable_dns64": false,
            "enable_lni_at_device_index": 0,
            "enable_resource_name_dns_a_record_on_launch": false,
            "enable_resource_name_dns_aaaa_record_on_launch": false,
            "id": "subnet-0d594f67d22390284",
            "ipv6_cidr_block": "",
            "ipv6_cidr_block_association_id": "",
            "ipv6_native": false,
            "map_customer_owned_ip_on_launch": false,
            "map_public_ip_on_launch": true,
            "outpost_arn": "",
            "owner_id": "040546550742",
            "private_dns_hostname_type_on_launch": "ip-name",
            "tags": {
              "Name": "pb-sn-az2"
            },
            "tags_all": {
              "Name": "pb-sn-az2"
            },
            "timeouts": null,
            "vpc_id": "vpc-0045c85c7791bd917"
          },
          "sensitive_attributes": [],
          "private": "eyJlMmJmYjczMC1lY2FhLTExZTYtOGY4OC0zNDM2M2JjN2M0YzAiOnsiY3JlYXRlIjo2MDAwMDAwMDAwMDAsImRlbGV0ZSI6MTIwMDAwMDAwMDAwMH0sInNjaGVtYV92ZXJzaW9uIjoiMSJ9",
          "dependencies": [
            "aws_vpc.main_vpc",
            "data.aws_availability_zones.available_zones"
          ]
        }
      ]
    },
    {
      "mode": "managed",
      "type": "aws_subnet",
      "name": "pb_sn_az3",
      "provider": "provider[\"registry.terraform.io/hashicorp/aws\"]",
      "instances": [
        {
          "schema_version": 1,
          "attributes": {
            "arn": "arn:aws:ec2:us-east-1:040546550742:subnet/subnet-0dbeb33959610c924",
            "assign_ipv6_address_on_creation": false,
            "availability_zone": "us-east-1c",
            "availability_zone_id": "use1-az1",
            "cidr_block": "10.16.176.0/20",
            "customer_owned_ipv4_pool": "",
            "enable_dns64": false,
            "enable_lni_at_device_index": 0,
            "enable_resource_name_dns_a_record_on_launch": false,
            "enable_resource_name_dns_aaaa_record_on_launch": false,
            "id": "subnet-0dbeb33959610c924",
            "ipv6_cidr_block": "",
            "ipv6_cidr_block_association_id": "",
            "ipv6_native": false,
            "map_customer_owned_ip_on_launch": false,
            "map_public_ip_on_launch": true,
            "outpost_arn": "",
            "owner_id": "040546550742",
            "private_dns_hostname_type_on_launch": "ip-name",
            "tags": {
              "Name": "pb-sn-az3"
            },
            "tags_all": {
              "Name": "pb-sn-az3"
            },
            "timeouts": null,
            "vpc_id": "vpc-0045c85c7791bd917"
          },
          "sensitive_attributes": [],
          "private": "eyJlMmJmYjczMC1lY2FhLTExZTYtOGY4OC0zNDM2M2JjN2M0YzAiOnsiY3JlYXRlIjo2MDAwMDAwMDAwMDAsImRlbGV0ZSI6MTIwMDAwMDAwMDAwMH0sInNjaGVtYV92ZXJzaW9uIjoiMSJ9",
          "dependencies": [
            "aws_vpc.main_vpc",
            "data.aws_availability_zones.available_zones"
          ]
        }
      ]
    },
    {
      "mode": "managed",
      "type": "aws_subnet",
      "name": "pvt_sn_app_az1",
      "provider": "provider[\"registry.terraform.io/hashicorp/aws\"]",
      "instances": [
        {
          "schema_version": 1,
          "attributes": {
            "arn": "arn:aws:ec2:us-east-1:040546550742:subnet/subnet-03133c6ef657db7b6",
            "assign_ipv6_address_on_creation": false,
            "availability_zone": "us-east-1a",
            "availability_zone_id": "use1-az4",
            "cidr_block": "10.16.32.0/20",
            "customer_owned_ipv4_pool": "",
            "enable_dns64": false,
            "enable_lni_at_device_index": 0,
            "enable_resource_name_dns_a_record_on_launch": false,
            "enable_resource_name_dns_aaaa_record_on_launch": false,
            "id": "subnet-03133c6ef657db7b6",
            "ipv6_cidr_block": "",
            "ipv6_cidr_block_association_id": "",
            "ipv6_native": false,
            "map_customer_owned_ip_on_launch": false,
            "map_public_ip_on_launch": false,
            "outpost_arn": "",
            "owner_id": "040546550742",
            "private_dns_hostname_type_on_launch": "ip-name",
            "tags": {
              "Name": "pvt-app-sn-az1"
            },
            "tags_all": {
              "Name": "pvt-app-sn-az1"
            },
            "timeouts": null,
            "vpc_id": "vpc-0045c85c7791bd917"
          },
          "sensitive_attributes": [],
          "private": "eyJlMmJmYjczMC1lY2FhLTExZTYtOGY4OC0zNDM2M2JjN2M0YzAiOnsiY3JlYXRlIjo2MDAwMDAwMDAwMDAsImRlbGV0ZSI6MTIwMDAwMDAwMDAwMH0sInNjaGVtYV92ZXJzaW9uIjoiMSJ9",
          "dependencies": [
            "aws_vpc.main_vpc",
            "data.aws_availability_zones.available_zones"
          ]
        }
      ]
    },
    {
      "mode": "managed",
      "type": "aws_subnet",
      "name": "pvt_sn_app_az2",
      "provider": "provider[\"registry.terraform.io/hashicorp/aws\"]",
      "instances": [
        {
          "schema_version": 1,
          "attributes": {
            "arn": "arn:aws:ec2:us-east-1:040546550742:subnet/subnet-03eb7ef52c84947f7",
            "assign_ipv6_address_on_creation": false,
            "availability_zone": "us-east-1b",
            "availability_zone_id": "use1-az6",
            "cidr_block": "10.16.96.0/20",
            "customer_owned_ipv4_pool": "",
            "enable_dns64": false,
            "enable_lni_at_device_index": 0,
            "enable_resource_name_dns_a_record_on_launch": false,
            "enable_resource_name_dns_aaaa_record_on_launch": false,
            "id": "subnet-03eb7ef52c84947f7",
            "ipv6_cidr_block": "",
            "ipv6_cidr_block_association_id": "",
            "ipv6_native": false,
            "map_customer_owned_ip_on_launch": false,
            "map_public_ip_on_launch": false,
            "outpost_arn": "",
            "owner_id": "040546550742",
            "private_dns_hostname_type_on_launch": "ip-name",
            "tags": {
              "Name": "pvt-app-sn-az2"
            },
            "tags_all": {
              "Name": "pvt-app-sn-az2"
            },
            "timeouts": null,
            "vpc_id": "vpc-0045c85c7791bd917"
          },
          "sensitive_attributes": [],
          "private": "eyJlMmJmYjczMC1lY2FhLTExZTYtOGY4OC0zNDM2M2JjN2M0YzAiOnsiY3JlYXRlIjo2MDAwMDAwMDAwMDAsImRlbGV0ZSI6MTIwMDAwMDAwMDAwMH0sInNjaGVtYV92ZXJzaW9uIjoiMSJ9",
          "dependencies": [
            "aws_vpc.main_vpc",
            "data.aws_availability_zones.available_zones"
          ]
        }
      ]
    },
    {
      "mode": "managed",
      "type": "aws_subnet",
      "name": "pvt_sn_app_az3",
      "provider": "provider[\"registry.terraform.io/hashicorp/aws\"]",
      "instances": [
        {
          "schema_version": 1,
          "attributes": {
            "arn": "arn:aws:ec2:us-east-1:040546550742:subnet/subnet-01b4ee7fb495d9b9e",
            "assign_ipv6_address_on_creation": false,
            "availability_zone": "us-east-1c",
            "availability_zone_id": "use1-az1",
            "cidr_block": "10.16.160.0/20",
            "customer_owned_ipv4_pool": "",
            "enable_dns64": false,
            "enable_lni_at_device_index": 0,
            "enable_resource_name_dns_a_record_on_launch": false,
            "enable_resource_name_dns_aaaa_record_on_launch": false,
            "id": "subnet-01b4ee7fb495d9b9e",
            "ipv6_cidr_block": "",
            "ipv6_cidr_block_association_id": "",
            "ipv6_native": false,
            "map_customer_owned_ip_on_launch": false,
            "map_public_ip_on_launch": false,
            "outpost_arn": "",
            "owner_id": "040546550742",
            "private_dns_hostname_type_on_launch": "ip-name",
            "tags": {
              "Name": "pvt-app-sn-az3"
            },
            "tags_all": {
              "Name": "pvt-app-sn-az3"
            },
            "timeouts": null,
            "vpc_id": "vpc-0045c85c7791bd917"
          },
          "sensitive_attributes": [],
          "private": "eyJlMmJmYjczMC1lY2FhLTExZTYtOGY4OC0zNDM2M2JjN2M0YzAiOnsiY3JlYXRlIjo2MDAwMDAwMDAwMDAsImRlbGV0ZSI6MTIwMDAwMDAwMDAwMH0sInNjaGVtYV92ZXJzaW9uIjoiMSJ9",
          "dependencies": [
            "aws_vpc.main_vpc",
            "data.aws_availability_zones.available_zones"
          ]
        }
      ]
    },
    {
      "mode": "managed",
      "type": "aws_subnet",
      "name": "pvt_sn_db_az1",
      "provider": "provider[\"registry.terraform.io/hashicorp/aws\"]",
      "instances": [
        {
          "schema_version": 1,
          "attributes": {
            "arn": "arn:aws:ec2:us-east-1:040546550742:subnet/subnet-0cd57fec23b81d0b2",
            "assign_ipv6_address_on_creation": false,
            "availability_zone": "us-east-1a",
            "availability_zone_id": "use1-az4",
            "cidr_block": "10.16.16.0/20",
            "customer_owned_ipv4_pool": "",
            "enable_dns64": false,
            "enable_lni_at_device_index": 0,
            "enable_resource_name_dns_a_record_on_launch": false,
            "enable_resource_name_dns_aaaa_record_on_launch": false,
            "id": "subnet-0cd57fec23b81d0b2",
            "ipv6_cidr_block": "",
            "ipv6_cidr_block_association_id": "",
            "ipv6_native": false,
            "map_customer_owned_ip_on_launch": false,
            "map_public_ip_on_launch": false,
            "outpost_arn": "",
            "owner_id": "040546550742",
            "private_dns_hostname_type_on_launch": "ip-name",
            "tags": {
              "Name": "pvt-app-db-az1"
            },
            "tags_all": {
              "Name": "pvt-app-db-az1"
            },
            "timeouts": null,
            "vpc_id": "vpc-0045c85c7791bd917"
          },
          "sensitive_attributes": [],
          "private": "eyJlMmJmYjczMC1lY2FhLTExZTYtOGY4OC0zNDM2M2JjN2M0YzAiOnsiY3JlYXRlIjo2MDAwMDAwMDAwMDAsImRlbGV0ZSI6MTIwMDAwMDAwMDAwMH0sInNjaGVtYV92ZXJzaW9uIjoiMSJ9",
          "dependencies": [
            "aws_vpc.main_vpc",
            "data.aws_availability_zones.available_zones"
          ]
        }
      ]
    },
    {
      "mode": "managed",
      "type": "aws_subnet",
      "name": "pvt_sn_db_az2",
      "provider": "provider[\"registry.terraform.io/hashicorp/aws\"]",
      "instances": [
        {
          "schema_version": 1,
          "attributes": {
            "arn": "arn:aws:ec2:us-east-1:040546550742:subnet/subnet-016d88df0b8023778",
            "assign_ipv6_address_on_creation": false,
            "availability_zone": "us-east-1b",
            "availability_zone_id": "use1-az6",
            "cidr_block": "10.16.80.0/20",
            "customer_owned_ipv4_pool": "",
            "enable_dns64": false,
            "enable_lni_at_device_index": 0,
            "enable_resource_name_dns_a_record_on_launch": false,
            "enable_resource_name_dns_aaaa_record_on_launch": false,
            "id": "subnet-016d88df0b8023778",
            "ipv6_cidr_block": "",
            "ipv6_cidr_block_association_id": "",
            "ipv6_native": false,
            "map_customer_owned_ip_on_launch": false,
            "map_public_ip_on_launch": false,
            "outpost_arn": "",
            "owner_id": "040546550742",
            "private_dns_hostname_type_on_launch": "ip-name",
            "tags": {
              "Name": "pvt-app-db-az2"
            },
            "tags_all": {
              "Name": "pvt-app-db-az2"
            },
            "timeouts": null,
            "vpc_id": "vpc-0045c85c7791bd917"
          },
          "sensitive_attributes": [],
          "private": "eyJlMmJmYjczMC1lY2FhLTExZTYtOGY4OC0zNDM2M2JjN2M0YzAiOnsiY3JlYXRlIjo2MDAwMDAwMDAwMDAsImRlbGV0ZSI6MTIwMDAwMDAwMDAwMH0sInNjaGVtYV92ZXJzaW9uIjoiMSJ9",
          "dependencies": [
            "aws_vpc.main_vpc",
            "data.aws_availability_zones.available_zones"
          ]
        }
      ]
    },
    {
      "mode": "managed",
      "type": "aws_subnet",
      "name": "pvt_sn_db_az3",
      "provider": "provider[\"registry.terraform.io/hashicorp/aws\"]",
      "instances": [
        {
          "schema_version": 1,
          "attributes": {
            "arn": "arn:aws:ec2:us-east-1:040546550742:subnet/subnet-0b05ba5b98ceb1a1a",
            "assign_ipv6_address_on_creation": false,
            "availability_zone": "us-east-1c",
            "availability_zone_id": "use1-az1",
            "cidr_block": "10.16.144.0/20",
            "customer_owned_ipv4_pool": "",
            "enable_dns64": false,
            "enable_lni_at_device_index": 0,
            "enable_resource_name_dns_a_record_on_launch": false,
            "enable_resource_name_dns_aaaa_record_on_launch": false,
            "id": "subnet-0b05ba5b98ceb1a1a",
            "ipv6_cidr_block": "",
            "ipv6_cidr_block_association_id": "",
            "ipv6_native": false,
            "map_customer_owned_ip_on_launch": false,
            "map_public_ip_on_launch": false,
            "outpost_arn": "",
            "owner_id": "040546550742",
            "private_dns_hostname_type_on_launch": "ip-name",
            "tags": {
              "Name": "pvt-app-db-az3"
            },
            "tags_all": {
              "Name": "pvt-app-db-az3"
            },
            "timeouts": null,
            "vpc_id": "vpc-0045c85c7791bd917"
          },
          "sensitive_attributes": [],
          "private": "eyJlMmJmYjczMC1lY2FhLTExZTYtOGY4OC0zNDM2M2JjN2M0YzAiOnsiY3JlYXRlIjo2MDAwMDAwMDAwMDAsImRlbGV0ZSI6MTIwMDAwMDAwMDAwMH0sInNjaGVtYV92ZXJzaW9uIjoiMSJ9",
          "dependencies": [
            "aws_vpc.main_vpc",
            "data.aws_availability_zones.available_zones"
          ]
        }
      ]
    },
    {
      "mode": "managed",
      "type": "aws_vpc",
      "name": "main_vpc",
      "provider": "provider[\"registry.terraform.io/hashicorp/aws\"]",
      "instances": [
        {
          "schema_version": 1,
          "attributes": {
            "arn": "arn:aws:ec2:us-east-1:040546550742:vpc/vpc-0045c85c7791bd917",
            "assign_generated_ipv6_cidr_block": false,
            "cidr_block": "10.16.0.0/16",
            "default_network_acl_id": "acl-0e02f78e0ddfedf9d",
            "default_route_table_id": "rtb-0c98f32b43f343876",
            "default_security_group_id": "sg-04809af29bb0190e0",
            "dhcp_options_id": "dopt-04575a96915d7ba4b",
            "enable_dns_hostnames": true,
            "enable_dns_support": true,
            "enable_network_address_usage_metrics": false,
            "id": "vpc-0045c85c7791bd917",
            "instance_tenancy": "default",
            "ipv4_ipam_pool_id": null,
            "ipv4_netmask_length": null,
            "ipv6_association_id": "",
            "ipv6_cidr_block": "",
            "ipv6_cidr_block_network_border_group": "",
            "ipv6_ipam_pool_id": "",
            "ipv6_netmask_length": 0,
            "main_route_table_id": "rtb-0c98f32b43f343876",
            "owner_id": "040546550742",
            "tags": {
              "Name": "3_tier_vpc"
            },
            "tags_all": {
              "Name": "3_tier_vpc"
            }
          },
          "sensitive_attributes": [],
          "private": "eyJzY2hlbWFfdmVyc2lvbiI6IjEifQ=="
        }
      ]
    }
  ],
  "check_results": null
}
