{
  "version": 4,
  "terraform_version": "1.6.0",
  "serial": 65,
  "lineage": "9e660143-82e5-1aed-5099-513951ae6a00",
  "outputs": {
    "internet_gateway": {
      "value": "aws_internet_gateway.internet_gateway.id",
      "type": "string"
    },
    "pb_sn_az1_cidr": {
      "value": "10.16.48.0/20",
      "type": "string"
    },
    "pb_sn_az1_id": {
      "value": "subnet-0b1c4af9e87df5136",
      "type": "string"
    },
    "pb_sn_az2_cidr": {
      "value": "10.16.112.0/20",
      "type": "string"
    },
    "pb_sn_az2_id": {
      "value": "subnet-0831f92674766cc10",
      "type": "string"
    },
    "pb_sn_az3_cidr": {
      "value": "10.16.176.0/20",
      "type": "string"
    },
    "pb_sn_az3_id": {
      "value": "subnet-0824128e2316de411",
      "type": "string"
    },
    "project_name": {
      "value": "full-scale-3tier-arch",
      "type": "string"
    },
    "pvt_sn_app_az1_cidr": {
      "value": "10.16.32.0/20",
      "type": "string"
    },
    "pvt_sn_app_az1_id": {
      "value": "subnet-084253b232e47dfd2",
      "type": "string"
    },
    "pvt_sn_app_az2_cidr": {
      "value": "10.16.96.0/20",
      "type": "string"
    },
    "pvt_sn_app_az2_id": {
      "value": "subnet-072ee4be3058cb25c",
      "type": "string"
    },
    "pvt_sn_app_az3_cidr": {
      "value": "10.16.160.0/20",
      "type": "string"
    },
    "pvt_sn_app_az3_id": {
      "value": "subnet-0df5804df202189ca",
      "type": "string"
    },
    "pvt_sn_db_az1_cidr": {
      "value": "10.16.16.0/20",
      "type": "string"
    },
    "pvt_sn_db_az1_id": {
      "value": "subnet-083da77277169c505",
      "type": "string"
    },
    "pvt_sn_db_az2_cidr": {
      "value": "10.16.80.0/20",
      "type": "string"
    },
    "pvt_sn_db_az2_id": {
      "value": "subnet-0e244030e8a9ed152",
      "type": "string"
    },
    "pvt_sn_db_az3_cidr": {
      "value": "10.16.144.0/20",
      "type": "string"
    },
    "pvt_sn_db_az3_id": {
      "value": "subnet-030ab52699f9e8dba",
      "type": "string"
    },
    "rds_cluster_endpoint": {
      "value": "aws_rds_cluster.rds_cluster.endpoint",
      "type": "string"
    },
    "region": {
      "value": "us-east-1",
      "type": "string"
    },
    "vpc_cidr": {
      "value": "10.16.0.0/16",
      "type": "string"
    }
  },
  "resources": [
    {
      "mode": "data",
      "type": "aws_availability_zones",
      "name": "available_zones",
      "provider": "provider[\"registry.terraform.io/hashicorp/aws\"]",
      "instances": [
        {
          "schema_version": 0,
          "attributes": {
            "all_availability_zones": null,
            "exclude_names": null,
            "exclude_zone_ids": null,
            "filter": null,
            "group_names": [
              "us-east-1"
            ],
            "id": "us-east-1",
            "names": [
              "us-east-1a",
              "us-east-1b",
              "us-east-1c",
              "us-east-1d",
              "us-east-1e",
              "us-east-1f"
            ],
            "state": null,
            "timeouts": null,
            "zone_ids": [
              "use1-az4",
              "use1-az6",
              "use1-az1",
              "use1-az2",
              "use1-az3",
              "use1-az5"
            ]
          },
          "sensitive_attributes": []
        }
      ]
    },
    {
      "mode": "managed",
      "type": "aws_db_subnet_group",
      "name": "db_sn_group",
      "provider": "provider[\"registry.terraform.io/hashicorp/aws\"]",
      "instances": [
        {
          "schema_version": 0,
          "attributes": {
            "arn": "arn:aws:rds:us-east-1:040546550742:subgrp:demo-rds-subnet-group",
            "description": "RDS Subnet group for my three tier project",
            "id": "demo-rds-subnet-group",
            "name": "demo-rds-subnet-group",
            "name_prefix": "",
            "subnet_ids": [
              "subnet-030ab52699f9e8dba",
              "subnet-083da77277169c505",
              "subnet-0e244030e8a9ed152"
            ],
            "supported_network_types": [
              "IPV4"
            ],
            "tags": {},
            "tags_all": {},
            "vpc_id": "vpc-015412a0cd35a17c4"
          },
          "sensitive_attributes": [],
          "private": "bnVsbA=="
        }
      ]
    },
    {
      "mode": "managed",
      "type": "aws_efs_file_system",
      "name": "efs",
      "provider": "provider[\"registry.terraform.io/hashicorp/aws\"]",
      "instances": [
        {
          "schema_version": 0,
          "attributes": {
            "arn": "arn:aws:elasticfilesystem:us-east-1:040546550742:file-system/fs-00d77b6d5ebf40fbe",
            "availability_zone_id": "",
            "availability_zone_name": "",
            "creation_token": "basic-efs-file-system",
            "dns_name": "fs-00d77b6d5ebf40fbe.efs.us-east-1.amazonaws.com",
            "encrypted": false,
            "id": "fs-00d77b6d5ebf40fbe",
            "kms_key_id": "",
            "lifecycle_policy": [
              {
                "transition_to_ia": "AFTER_7_DAYS",
                "transition_to_primary_storage_class": ""
              }
            ],
            "name": "MyEfsFileSystem",
            "number_of_mount_targets": 3,
            "owner_id": "040546550742",
            "performance_mode": "generalPurpose",
            "provisioned_throughput_in_mibps": 0,
            "size_in_bytes": [
              {
                "value": 6144,
                "value_in_ia": 0,
                "value_in_standard": 6144
              }
            ],
            "tags": {
              "Name": "MyEfsFileSystem"
            },
            "tags_all": {
              "Name": "MyEfsFileSystem"
            },
            "throughput_mode": "bursting"
          },
          "sensitive_attributes": [],
          "private": "bnVsbA=="
        }
      ]
    },
    {
      "mode": "managed",
      "type": "aws_efs_mount_target",
      "name": "efs_mount",
      "provider": "provider[\"registry.terraform.io/hashicorp/aws\"]",
      "instances": [
        {
          "index_key": 0,
          "schema_version": 0,
          "attributes": {
            "availability_zone_id": "use1-az4",
            "availability_zone_name": "us-east-1a",
            "dns_name": "fs-00d77b6d5ebf40fbe.efs.us-east-1.amazonaws.com",
            "file_system_arn": "arn:aws:elasticfilesystem:us-east-1:040546550742:file-system/fs-00d77b6d5ebf40fbe",
            "file_system_id": "fs-00d77b6d5ebf40fbe",
            "id": "fsmt-05dbb7c48b6281c89",
            "ip_address": "10.16.39.143",
            "mount_target_dns_name": "us-east-1a.fs-00d77b6d5ebf40fbe.efs.us-east-1.amazonaws.com",
            "network_interface_id": "eni-02d60a5c20e6a9661",
            "owner_id": "040546550742",
            "security_groups": [
              "sg-0486b5c4a75f96c5d"
            ],
            "subnet_id": "subnet-084253b232e47dfd2",
            "timeouts": null
          },
          "sensitive_attributes": [],
          "private": "eyJlMmJmYjczMC1lY2FhLTExZTYtOGY4OC0zNDM2M2JjN2M0YzAiOnsiY3JlYXRlIjoxODAwMDAwMDAwMDAwLCJkZWxldGUiOjYwMDAwMDAwMDAwMH19",
          "dependencies": [
            "aws_efs_file_system.efs",
            "aws_security_group.SGpublicSN",
            "aws_security_group.SGpvtapp",
            "aws_vpc.main_vpc"
          ]
        },
        {
          "index_key": 1,
          "schema_version": 0,
          "attributes": {
            "availability_zone_id": "use1-az6",
            "availability_zone_name": "us-east-1b",
            "dns_name": "fs-00d77b6d5ebf40fbe.efs.us-east-1.amazonaws.com",
            "file_system_arn": "arn:aws:elasticfilesystem:us-east-1:040546550742:file-system/fs-00d77b6d5ebf40fbe",
            "file_system_id": "fs-00d77b6d5ebf40fbe",
            "id": "fsmt-01e8f71e76d178f9d",
            "ip_address": "10.16.106.31",
            "mount_target_dns_name": "us-east-1b.fs-00d77b6d5ebf40fbe.efs.us-east-1.amazonaws.com",
            "network_interface_id": "eni-00d9d30bbed43aa03",
            "owner_id": "040546550742",
            "security_groups": [
              "sg-0486b5c4a75f96c5d"
            ],
            "subnet_id": "subnet-072ee4be3058cb25c",
            "timeouts": null
          },
          "sensitive_attributes": [],
          "private": "eyJlMmJmYjczMC1lY2FhLTExZTYtOGY4OC0zNDM2M2JjN2M0YzAiOnsiY3JlYXRlIjoxODAwMDAwMDAwMDAwLCJkZWxldGUiOjYwMDAwMDAwMDAwMH19",
          "dependencies": [
            "aws_efs_file_system.efs",
            "aws_security_group.SGpublicSN",
            "aws_security_group.SGpvtapp",
            "aws_vpc.main_vpc"
          ]
        },
        {
          "index_key": 2,
          "schema_version": 0,
          "attributes": {
            "availability_zone_id": "use1-az1",
            "availability_zone_name": "us-east-1c",
            "dns_name": "fs-00d77b6d5ebf40fbe.efs.us-east-1.amazonaws.com",
            "file_system_arn": "arn:aws:elasticfilesystem:us-east-1:040546550742:file-system/fs-00d77b6d5ebf40fbe",
            "file_system_id": "fs-00d77b6d5ebf40fbe",
            "id": "fsmt-0926dee2312d96161",
            "ip_address": "10.16.163.86",
            "mount_target_dns_name": "us-east-1c.fs-00d77b6d5ebf40fbe.efs.us-east-1.amazonaws.com",
            "network_interface_id": "eni-036245f963dd25ce8",
            "owner_id": "040546550742",
            "security_groups": [
              "sg-0486b5c4a75f96c5d"
            ],
            "subnet_id": "subnet-0df5804df202189ca",
            "timeouts": null
          },
          "sensitive_attributes": [],
          "private": "eyJlMmJmYjczMC1lY2FhLTExZTYtOGY4OC0zNDM2M2JjN2M0YzAiOnsiY3JlYXRlIjoxODAwMDAwMDAwMDAwLCJkZWxldGUiOjYwMDAwMDAwMDAwMH19",
          "dependencies": [
            "aws_efs_file_system.efs",
            "aws_security_group.SGpublicSN",
            "aws_security_group.SGpvtapp",
            "aws_vpc.main_vpc"
          ]
        }
      ]
    },
    {
      "mode": "managed",
      "type": "aws_iam_policy_attachment",
      "name": "cloud_watch_policy",
      "provider": "provider[\"registry.terraform.io/hashicorp/aws\"]",
      "instances": [
        {
          "schema_version": 0,
          "attributes": {
            "groups": [],
            "id": "cloud-watch-policy-attachement",
            "name": "cloud-watch-policy-attachement",
            "policy_arn": "arn:aws:iam::aws:policy/CloudWatchAgentServerPolicy",
            "roles": [
              "PB-SN-EC2-ROLE"
            ],
            "users": []
          },
          "sensitive_attributes": [],
          "private": "bnVsbA==",
          "dependencies": [
            "aws_iam_role.ec2_instance_role"
          ]
        }
      ]
    },
    {
      "mode": "managed",
      "type": "aws_iam_policy_attachment",
      "name": "efs_full_access",
      "provider": "provider[\"registry.terraform.io/hashicorp/aws\"]",
      "instances": [
        {
          "schema_version": 0,
          "attributes": {
            "groups": [],
            "id": "efs-full-access-policy-attachement",
            "name": "efs-full-access-policy-attachement",
            "policy_arn": "arn:aws:iam::aws:policy/AmazonElasticFileSystemFullAccess",
            "roles": [
              "PB-SN-EC2-ROLE"
            ],
            "users": []
          },
          "sensitive_attributes": [],
          "private": "bnVsbA==",
          "dependencies": [
            "aws_iam_role.ec2_instance_role"
          ]
        }
      ]
    },
    {
      "mode": "managed",
      "type": "aws_iam_policy_attachment",
      "name": "ssm_full_access",
      "provider": "provider[\"registry.terraform.io/hashicorp/aws\"]",
      "instances": [
        {
          "schema_version": 0,
          "attributes": {
            "groups": [],
            "id": "ssm-full-access-policy-attachement",
            "name": "ssm-full-access-policy-attachement",
            "policy_arn": "arn:aws:iam::aws:policy/AmazonSSMFullAccess",
            "roles": [
              "PB-SN-EC2-ROLE"
            ],
            "users": []
          },
          "sensitive_attributes": [],
          "private": "bnVsbA==",
          "dependencies": [
            "aws_iam_role.ec2_instance_role"
          ]
        }
      ]
    },
    {
      "mode": "managed",
      "type": "aws_iam_role",
      "name": "ec2_instance_role",
      "provider": "provider[\"registry.terraform.io/hashicorp/aws\"]",
      "instances": [
        {
          "schema_version": 0,
          "attributes": {
            "arn": "arn:aws:iam::040546550742:role/PB-SN-EC2-ROLE",
            "assume_role_policy": "{\"Statement\":[{\"Action\":\"sts:AssumeRole\",\"Effect\":\"Allow\",\"Principal\":{\"Service\":\"ec2.amazonaws.com\"}}],\"Version\":\"2012-10-17\"}",
            "create_date": "2023-10-08T07:18:24Z",
            "description": "",
            "force_detach_policies": false,
            "id": "PB-SN-EC2-ROLE",
            "inline_policy": [],
            "managed_policy_arns": [
              "arn:aws:iam::aws:policy/AmazonElasticFileSystemFullAccess",
              "arn:aws:iam::aws:policy/AmazonSSMFullAccess",
              "arn:aws:iam::aws:policy/CloudWatchAgentServerPolicy"
            ],
            "max_session_duration": 3600,
            "name": "PB-SN-EC2-ROLE",
            "name_prefix": "",
            "path": "/",
            "permissions_boundary": null,
            "tags": {},
            "tags_all": {},
            "unique_id": "AROAQS4GDIPLMTBJLE7FF"
          },
          "sensitive_attributes": [],
          "private": "bnVsbA=="
        }
      ]
    },
    {
      "mode": "managed",
      "type": "aws_internet_gateway",
      "name": "internet_gateway",
      "provider": "provider[\"registry.terraform.io/hashicorp/aws\"]",
      "instances": [
        {
          "schema_version": 0,
          "attributes": {
            "arn": "arn:aws:ec2:us-east-1:040546550742:internet-gateway/igw-0a156bca9352c49f2",
            "id": "igw-0a156bca9352c49f2",
            "owner_id": "040546550742",
            "tags": {
              "Name": "full-scale-3tier-arch-igw"
            },
            "tags_all": {
              "Name": "full-scale-3tier-arch-igw"
            },
            "timeouts": null,
            "vpc_id": "vpc-015412a0cd35a17c4"
          },
          "sensitive_attributes": [],
          "private": "eyJlMmJmYjczMC1lY2FhLTExZTYtOGY4OC0zNDM2M2JjN2M0YzAiOnsiY3JlYXRlIjoxMjAwMDAwMDAwMDAwLCJkZWxldGUiOjEyMDAwMDAwMDAwMDAsInVwZGF0ZSI6MTIwMDAwMDAwMDAwMH19",
          "dependencies": [
            "aws_vpc.main_vpc"
          ]
        }
      ]
    },
    {
      "mode": "managed",
      "type": "aws_launch_template",
      "name": "ec2_launch_template",
      "provider": "provider[\"registry.terraform.io/hashicorp/aws\"]",
      "instances": [
        {
          "schema_version": 0,
          "attributes": {
            "arn": "arn:aws:ec2:us-east-1:040546550742:launch-template/lt-0abad0b50cff256a9",
            "block_device_mappings": [],
            "capacity_reservation_specification": [],
            "cpu_options": [],
            "credit_specification": [
              {
                "cpu_credits": "standard"
              }
            ],
            "default_version": 1,
            "description": "Infrastructure demo Launch Template",
            "disable_api_stop": false,
            "disable_api_termination": false,
            "ebs_optimized": "",
            "elastic_gpu_specifications": [],
            "elastic_inference_accelerator": [],
            "enclave_options": [],
            "hibernation_options": [],
            "iam_instance_profile": [
              {
                "arn": "",
                "name": "PB-SN-EC2-ROLE"
              }
            ],
            "id": "lt-0abad0b50cff256a9",
            "image_id": "ami-053b0d53c279acc90",
            "instance_initiated_shutdown_behavior": "",
            "instance_market_options": [],
            "instance_requirements": [],
            "instance_type": "t2.micro",
            "kernel_id": "",
            "key_name": "k8",
            "latest_version": 2,
            "license_specification": [],
            "maintenance_options": [],
            "metadata_options": [],
            "monitoring": [],
            "name": "EC2-TL20231008071843329200000001",
            "name_prefix": "EC2-TL",
            "network_interfaces": [],
            "placement": [],
            "private_dns_name_options": [],
            "ram_disk_id": "",
            "security_group_names": [
              "sg-078bbfb212a558f11"
            ],
            "tag_specifications": [],
            "tags": {},
            "tags_all": {},
            "update_default_version": null,
            "user_data": "IyEvYmluL2Jhc2ggLXhlCgpBTEJETlNOQU1FPSQoYXdzIHNzbSBnZXQtcGFyYW1ldGVycyAtLXJlZ2lvbiB1cy1lYXN0LTEgLS1uYW1lcyAvSW5mcmFzdHJ1Y3R1cmUvRGVtby9BTEJETlNOYW1lIC0tcXVlcnkgUGFyYW1ldGVyc1swXS5WYWx1ZSkKQUxCRE5TTkFNRT1gZWNobyAkQUxCRE5TTkFNRSB8IHNlZCAtZSAncy9eIi8vJyAtZSAncy8iJC8vJ2AgICMgSXQgd2lsbCBsb2FkIHRoZSBkbnMgbmFtZSBvZiBBTEIgaW50byB0aGUgZW52aXJvbmVtZW50IHZhcmlhYmxlIGZyb20gcGFyYW1ldGVyIHN0b3JlCgoKRUZTRlNJRD0kKGF3cyBzc20gZ2V0LXBhcmFtZXRlcnMgLS1yZWdpb24gdXMtZWFzdC0xIC0tbmFtZXMgL0luZnJhc3RydWN0dXJlL0RlbW8vRUZTRlNJRCAtLXF1ZXJ5IFBhcmFtZXRlcnNbMF0uVmFsdWUpCkVGU0ZTSUQ9YGVjaG8gJEVGU0ZTSUQgfCBzZWQgLWUgJ3MvXiIvLycgLWUgJ3MvIiQvLydgCgoKREJQYXNzd29yZD0kKGF3cyBzc20gZ2V0LXBhcmFtZXRlcnMgLS1yZWdpb24gdXMtZWFzdC0xIC0tbmFtZXMgL0luZnJhc3RydWN0dXJlL0RlbW8vREJQYXNzd29yZCAtLXdpdGgtZGVjcnlwdGlvbiAtLXF1ZXJ5IFBhcmFtZXRlcnNbMF0uVmFsdWUpCkRCUGFzc3dvcmQ9YGVjaG8gJERCUGFzc3dvcmQgfCBzZWQgLWUgJ3MvXiIvLycgLWUgJ3MvIiQvLydgCgpEQlJvb3RQYXNzd29yZD0kKGF3cyBzc20gZ2V0LXBhcmFtZXRlcnMgLS1yZWdpb24gdXMtZWFzdC0xIC0tbmFtZXMgL0E0TC9Xb3JkcHJlc3MvREJSb290UGFzc3dvcmQgLS13aXRoLWRlY3J5cHRpb24gLS1xdWVyeSBQYXJhbWV0ZXJzWzBdLlZhbHVlKQpEQlJvb3RQYXNzd29yZD1gZWNobyAkREJSb290UGFzc3dvcmQgfCBzZWQgLWUgJ3MvXiIvLycgLWUgJ3MvIiQvLydgCgpEQlVzZXI9JChhd3Mgc3NtIGdldC1wYXJhbWV0ZXJzIC0tcmVnaW9uIHVzLWVhc3QtMSAtLW5hbWVzIC9JbmZyYXN0cnVjdHVyZS9EZW1vL0RCVXNlciAtLXF1ZXJ5IFBhcmFtZXRlcnNbMF0uVmFsdWUpCkRCVXNlcj1gZWNobyAkREJVc2VyIHwgc2VkIC1lICdzL14iLy8nIC1lICdzLyIkLy8nYAoKREJOYW1lPSQoYXdzIHNzbSBnZXQtcGFyYW1ldGVycyAtLXJlZ2lvbiB1cy1lYXN0LTEgLS1uYW1lcyAvSW5mcmFzdHJ1Y3R1cmUvRGVtby9EQk5hbWUgLS1xdWVyeSBQYXJhbWV0ZXJzWzBdLlZhbHVlKQpEQk5hbWU9YGVjaG8gJERCTmFtZSB8IHNlZCAtZSAncy9eIi8vJyAtZSAncy8iJC8vJ2AKCkRCRW5kcG9pbnQ9JChhd3Mgc3NtIGdldC1wYXJhbWV0ZXJzIC0tcmVnaW9uIHVzLWVhc3QtMSAtLW5hbWVzIC9JbmZyYXN0cnVjdHVyZS9EZW1vL0RCRW5kcG9pbnQgLS1xdWVyeSBQYXJhbWV0ZXJzWzBdLlZhbHVlKQpEQkVuZHBvaW50PWBlY2hvICREQkVuZHBvaW50IHwgc2VkIC1lICdzL14iLy8nIC1lICdzLyIkLy8nYAoKIyBUaGlzIGNvbW1hbmQgd2lsbCBwb2ludCB0aGUgZGF0YSB0byBiZSBmZXRjaGVkIGZyb20gcmRzIGluc3RhbmNlIHRoYXQgaXMgY29uZmlndXJlZCBpbiBEQkVuZHBvaW50CnN1ZG8gc2VkIC1pICJzLydsb2NhbGhvc3QnLyckREJFbmRwb2ludCcvZyIgL3Zhci93d3cvaHRtbC93cC1jb25maWcucGhwCgphcHQgLXkgdXBkYXRlCgphcHQgaW5zdGFsbCB3Z2V0IHBocC1teXNxbG5kIGh0dHBkIHBocC1mcG0gcGhwLW15c3FsaSBtYXJpYWRiMTA1LXNlcnZlciBwaHAtanNvbiBwaHAgcGhwLWRldmVsIHN0cmVzcyBhbWF6b24tZWZzLXV0aWxzIC15CgpzeXN0ZW1jdGwgZW5hYmxlIGh0dHBkCnN5c3RlbWN0bCBzdGFydCBodHRwZAoKbWtkaXIgLXAgL3Zhci93d3cvaHRtbC93cC1jb250ZW50ICAjIENyZWF0ZXMgdGhlIG5ldyBmb2xkZXIgaW4gdGhlIG5ld2x5IGxhdW5jaGVkIGVjMiBpbnN0YW5jZQpjaG93biAtUiBlYzItdXNlcjphcGFjaGUgL3Zhci93d3cvICAjIGNoYW5nZSB0aGUgb3duZXJzaGlwIG9mIHRoZSBlbnRpcmUgZm9sZGVyIHRyZWUKZWNobyAtZSAiJEVGU0ZTSUQ6LyAvdmFyL3d3dy9odG1sL3dwLWNvbnRlbnQgZWZzIF9uZXRkZXYsdGxzLGlhbSAwIDAiID4+IC9ldGMvZnN0YWIgICMgTW91bnRpbmcgdGhlIGVmcyB0byB0aGUgZWMyIGluc3RhbmNlCm1vdW50IC1hIC10IGVmcyBkZWZhdWx0cwoKCndnZXQgaHR0cDovL3dvcmRwcmVzcy5vcmcvbGF0ZXN0LnRhci5neiAtUCAvdmFyL3d3dy9odG1sCmNkIC92YXIvd3d3L2h0bWwKdGFyIC16eHZmIGxhdGVzdC50YXIuZ3oKY3AgLXJ2ZiB3b3JkcHJlc3MvKiAuCnJtIC1SIHdvcmRwcmVzcwpybSBsYXRlc3QudGFyLmd6CgpzdWRvIGNwIC4vd3AtY29uZmlnLXNhbXBsZS5waHAgLi93cC1jb25maWcucGhwCnNlZCAtaSAicy8nZGF0YWJhc2VfbmFtZV9oZXJlJy8nJERCTmFtZScvZyIgd3AtY29uZmlnLnBocApzZWQgLWkgInMvJ3VzZXJuYW1lX2hlcmUnLyckREJVc2VyJy9nIiB3cC1jb25maWcucGhwCnNlZCAtaSAicy8ncGFzc3dvcmRfaGVyZScvJyREQlBhc3N3b3JkJy9nIiB3cC1jb25maWcucGhwCnNlZCAtaSAicy8nbG9jYWxob3N0Jy8nJERCRW5kcG9pbnQnL2ciIHdwLWNvbmZpZy5waHAKCnVzZXJtb2QgLWEgLUcgYXBhY2hlIGVjMi11c2VyICAgCmNob3duIC1SIGVjMi11c2VyOmFwYWNoZSAvdmFyL3d3dwpjaG1vZCAyNzc1IC92YXIvd3d3CmZpbmQgL3Zhci93d3cgLXR5cGUgZCAtZXhlYyBjaG1vZCAyNzc1IHt9IFw7CmZpbmQgL3Zhci93d3cgLXR5cGUgZiAtZXhlYyBjaG1vZCAwNjY0IHt9IFw7CgoKIyBUaGlzIHNjcmlwdCB3aWxsIG1ha2UgdXNlIG9mIHRoZSBkbnMgbmFtZSBvZiBBTEIgaW5zdGVhZCBvZiB0aGUgaGFyZGNvZGVkIGlwLWFkZHJlc3Mgb2YgZWMyIGluc3RhbmNlCgpjYXQgPj4gL2hvbWUvZWMyLXVzZXIvdXBkYXRlX3dwX2lwLnNoPDwgJ0VPRicKIyEvYmluL2Jhc2gKc291cmNlIDwocGhwIC1yICdyZXF1aXJlKCIvdmFyL3d3dy9odG1sL3dwLWNvbmZpZy5waHAiKTsgZWNobygiREJfTkFNRT0iLkRCX05BTUUuIjsgREJfVVNFUj0iLkRCX1VTRVIuIjsgREJfUEFTU1dPUkQ9Ii5EQl9QQVNTV09SRC4iOyBEQl9IT1NUPSIuREJfSE9TVCk7ICcpClNRTF9DT01NQU5EPSJteXNxbCAtdSAkREJfVVNFUiAtaCAkREJfSE9TVCAtcCREQl9QQVNTV09SRCAkREJfTkFNRSAtZSIKT0xEX1VSTD0kKG15c3FsIC11ICREQl9VU0VSIC1oICREQl9IT1NUIC1wJERCX1BBU1NXT1JEICREQl9OQU1FIC1lICdzZWxlY3Qgb3B0aW9uX3ZhbHVlIGZyb20gd3Bfb3B0aW9ucyB3aGVyZSBvcHRpb25faWQgPSAxOycgfCBncmVwIGh0dHApCgpBTEJETlNOQU1FPSQoYXdzIHNzbSBnZXQtcGFyYW1ldGVycyAtLXJlZ2lvbiB1cy1lYXN0LTEgLS1uYW1lcyAvSW5mcmFzdHJ1Y3R1cmUvRGVtby9BTEJETlNOYW1lIC0tcXVlcnkgUGFyYW1ldGVyc1swXS5WYWx1ZSkKQUxCRE5TTkFNRT1gZWNobyAkQUxCRE5TTkFNRSB8IHNlZCAtZSAncy9eIi8vJyAtZSAncy8iJC8vJ2AKCiRTUUxfQ09NTUFORCAiVVBEQVRFIHdwX29wdGlvbnMgU0VUIG9wdGlvbl92YWx1ZSA9IHJlcGxhY2Uob3B0aW9uX3ZhbHVlLCAnJE9MRF9VUkwnLCAnaHR0cDovLyRBTEJETlNOQU1FJykgV0hFUkUgb3B0aW9uX25hbWUgPSAnaG9tZScgT1Igb3B0aW9uX25hbWUgPSAnc2l0ZXVybCc7IgokU1FMX0NPTU1BTkQgIlVQREFURSB3cF9wb3N0cyBTRVQgZ3VpZCA9IHJlcGxhY2UoZ3VpZCwgJyRPTERfVVJMJywnaHR0cDovLyRBTEJETlNOQU1FJyk7IgokU1FMX0NPTU1BTkQgIlVQREFURSB3cF9wb3N0cyBTRVQgcG9zdF9jb250ZW50ID0gcmVwbGFjZShwb3N0X2NvbnRlbnQsICckT0xEX1VSTCcsICdodHRwOi8vJEFMQkROU05BTUUnKTsiCiRTUUxfQ09NTUFORCAiVVBEQVRFIHdwX3Bvc3RtZXRhIFNFVCBtZXRhX3ZhbHVlID0gcmVwbGFjZShtZXRhX3ZhbHVlLCckT0xEX1VSTCcsJ2h0dHA6Ly8kQUxCRE5TTkFNRScpOyIKRU9GCgpjaG1vZCA3NTUgL2hvbWUvZWMyLXVzZXIvdXBkYXRlX3dwX2lwLnNoCmVjaG8gIi9ob21lL2VjMi11c2VyL3VwZGF0ZV93cF9pcC5zaCIgPj4gL2V0Yy9yYy5sb2NhbAovaG9tZS9lYzItdXNlci91cGRhdGVfd3BfaXAuc2g=",
            "vpc_security_group_ids": []
          },
          "sensitive_attributes": [],
          "private": "bnVsbA==",
          "dependencies": [
            "aws_iam_role.ec2_instance_role",
            "aws_security_group.SGpublicSN",
            "aws_vpc.main_vpc"
          ]
        }
      ]
    },
    {
      "mode": "managed",
      "type": "aws_lb",
      "name": "lb",
      "provider": "provider[\"registry.terraform.io/hashicorp/aws\"]",
      "instances": [
        {
          "schema_version": 0,
          "attributes": {
            "access_logs": [
              {
                "bucket": "",
                "enabled": false,
                "prefix": ""
              }
            ],
            "arn": "arn:aws:elasticloadbalancing:us-east-1:040546550742:loadbalancer/app/LB-Demo/a193b632771332d5",
            "arn_suffix": "app/LB-Demo/a193b632771332d5",
            "customer_owned_ipv4_pool": "",
            "desync_mitigation_mode": "defensive",
            "dns_name": "LB-Demo-896199728.us-east-1.elb.amazonaws.com",
            "drop_invalid_header_fields": false,
            "enable_cross_zone_load_balancing": true,
            "enable_deletion_protection": false,
            "enable_http2": true,
            "enable_tls_version_and_cipher_suite_headers": false,
            "enable_waf_fail_open": false,
            "enable_xff_client_port": false,
            "id": "arn:aws:elasticloadbalancing:us-east-1:040546550742:loadbalancer/app/LB-Demo/a193b632771332d5",
            "idle_timeout": 60,
            "internal": false,
            "ip_address_type": "ipv4",
            "load_balancer_type": "application",
            "name": "LB-Demo",
            "name_prefix": null,
            "preserve_host_header": false,
            "security_groups": [
              "sg-0bcf9d876fc7cb10b"
            ],
            "subnet_mapping": [
              {
                "allocation_id": "",
                "ipv6_address": "",
                "outpost_id": "",
                "private_ipv4_address": "",
                "subnet_id": "subnet-0824128e2316de411"
              },
              {
                "allocation_id": "",
                "ipv6_address": "",
                "outpost_id": "",
                "private_ipv4_address": "",
                "subnet_id": "subnet-0831f92674766cc10"
              },
              {
                "allocation_id": "",
                "ipv6_address": "",
                "outpost_id": "",
                "private_ipv4_address": "",
                "subnet_id": "subnet-0b1c4af9e87df5136"
              }
            ],
            "subnets": [
              "subnet-0824128e2316de411",
              "subnet-0831f92674766cc10",
              "subnet-0b1c4af9e87df5136"
            ],
            "tags": {},
            "tags_all": {},
            "timeouts": null,
            "vpc_id": "vpc-015412a0cd35a17c4",
            "xff_header_processing_mode": "append",
            "zone_id": "Z35SXDOTRQ7X7K"
          },
          "sensitive_attributes": [],
          "private": "eyJlMmJmYjczMC1lY2FhLTExZTYtOGY4OC0zNDM2M2JjN2M0YzAiOnsiY3JlYXRlIjo2MDAwMDAwMDAwMDAsImRlbGV0ZSI6NjAwMDAwMDAwMDAwLCJ1cGRhdGUiOjYwMDAwMDAwMDAwMH19",
          "dependencies": [
            "aws_security_group.SGLB",
            "aws_vpc.main_vpc"
          ]
        }
      ]
    },
    {
      "mode": "managed",
      "type": "aws_lb_listener",
      "name": "alb_listener",
      "provider": "provider[\"registry.terraform.io/hashicorp/aws\"]",
      "instances": [
        {
          "schema_version": 0,
          "attributes": {
            "alpn_policy": null,
            "arn": "arn:aws:elasticloadbalancing:us-east-1:040546550742:listener/app/LB-Demo/a193b632771332d5/ef6ecf3956434726",
            "certificate_arn": null,
            "default_action": [
              {
                "authenticate_cognito": [],
                "authenticate_oidc": [],
                "fixed_response": [
                  {
                    "content_type": "text/plain",
                    "message_body": "",
                    "status_code": "200"
                  }
                ],
                "forward": [],
                "order": 1,
                "redirect": [],
                "target_group_arn": "",
                "type": "fixed-response"
              }
            ],
            "id": "arn:aws:elasticloadbalancing:us-east-1:040546550742:listener/app/LB-Demo/a193b632771332d5/ef6ecf3956434726",
            "load_balancer_arn": "arn:aws:elasticloadbalancing:us-east-1:040546550742:loadbalancer/app/LB-Demo/a193b632771332d5",
            "port": 80,
            "protocol": "HTTP",
            "ssl_policy": "",
            "tags": {},
            "tags_all": {},
            "timeouts": null
          },
          "sensitive_attributes": [],
          "private": "eyJlMmJmYjczMC1lY2FhLTExZTYtOGY4OC0zNDM2M2JjN2M0YzAiOnsicmVhZCI6NjAwMDAwMDAwMDAwfX0=",
          "dependencies": [
            "aws_lb.lb",
            "aws_security_group.SGLB",
            "aws_vpc.main_vpc"
          ]
        }
      ]
    },
    {
      "mode": "managed",
      "type": "aws_lb_listener_rule",
      "name": "lb_listener_rule",
      "provider": "provider[\"registry.terraform.io/hashicorp/aws\"]",
      "instances": [
        {
          "schema_version": 0,
          "attributes": {
            "action": [
              {
                "authenticate_cognito": [],
                "authenticate_oidc": [],
                "fixed_response": [],
                "forward": [],
                "order": 1,
                "redirect": [],
                "target_group_arn": "arn:aws:elasticloadbalancing:us-east-1:040546550742:targetgroup/EC2-Target-Group/ded422b6a0d6ed15",
                "type": "forward"
              }
            ],
            "arn": "arn:aws:elasticloadbalancing:us-east-1:040546550742:listener-rule/app/LB-Demo/a193b632771332d5/ef6ecf3956434726/e9a08b101f8eee18",
            "condition": [
              {
                "host_header": [],
                "http_header": [],
                "http_request_method": [],
                "path_pattern": [
                  {
                    "values": [
                      "/"
                    ]
                  }
                ],
                "query_string": [],
                "source_ip": []
              }
            ],
            "id": "arn:aws:elasticloadbalancing:us-east-1:040546550742:listener-rule/app/LB-Demo/a193b632771332d5/ef6ecf3956434726/e9a08b101f8eee18",
            "listener_arn": "arn:aws:elasticloadbalancing:us-east-1:040546550742:listener/app/LB-Demo/a193b632771332d5/ef6ecf3956434726",
            "priority": 1,
            "tags": {},
            "tags_all": {}
          },
          "sensitive_attributes": [],
          "private": "bnVsbA==",
          "dependencies": [
            "aws_lb.lb",
            "aws_lb_listener.alb_listener",
            "aws_lb_target_group.ec2",
            "aws_security_group.SGLB",
            "aws_vpc.main_vpc"
          ]
        }
      ]
    },
    {
      "mode": "managed",
      "type": "aws_lb_target_group",
      "name": "ec2",
      "provider": "provider[\"registry.terraform.io/hashicorp/aws\"]",
      "instances": [
        {
          "schema_version": 0,
          "attributes": {
            "arn": "arn:aws:elasticloadbalancing:us-east-1:040546550742:targetgroup/EC2-Target-Group/ded422b6a0d6ed15",
            "arn_suffix": "targetgroup/EC2-Target-Group/ded422b6a0d6ed15",
            "connection_termination": false,
            "deregistration_delay": "300",
            "health_check": [
              {
                "enabled": true,
                "healthy_threshold": 3,
                "interval": 30,
                "matcher": "200-399",
                "path": "/",
                "port": "traffic-port",
                "protocol": "HTTP",
                "timeout": 5,
                "unhealthy_threshold": 2
              }
            ],
            "id": "arn:aws:elasticloadbalancing:us-east-1:040546550742:targetgroup/EC2-Target-Group/ded422b6a0d6ed15",
            "ip_address_type": "ipv4",
            "lambda_multi_value_headers_enabled": false,
            "load_balancing_algorithm_type": "round_robin",
            "load_balancing_cross_zone_enabled": "use_load_balancer_configuration",
            "name": "EC2-Target-Group",
            "name_prefix": null,
            "port": 80,
            "preserve_client_ip": null,
            "protocol": "HTTP",
            "protocol_version": "HTTP1",
            "proxy_protocol_v2": false,
            "slow_start": 0,
            "stickiness": [
              {
                "cookie_duration": 86400,
                "cookie_name": "",
                "enabled": false,
                "type": "lb_cookie"
              }
            ],
            "tags": {},
            "tags_all": {},
            "target_failover": [
              {
                "on_deregistration": null,
                "on_unhealthy": null
              }
            ],
            "target_type": "instance",
            "vpc_id": "vpc-015412a0cd35a17c4"
          },
          "sensitive_attributes": [],
          "private": "bnVsbA==",
          "dependencies": [
            "aws_vpc.main_vpc"
          ]
        }
      ]
    },
    {
      "mode": "managed",
      "type": "aws_route_table",
      "name": "pb_rt",
      "provider": "provider[\"registry.terraform.io/hashicorp/aws\"]",
      "instances": [
        {
          "schema_version": 0,
          "attributes": {
            "arn": "arn:aws:ec2:us-east-1:040546550742:route-table/rtb-0a5960b91aba8368c",
            "id": "rtb-0a5960b91aba8368c",
            "owner_id": "040546550742",
            "propagating_vgws": [],
            "route": [
              {
                "carrier_gateway_id": "",
                "cidr_block": "0.0.0.0/0",
                "core_network_arn": "",
                "destination_prefix_list_id": "",
                "egress_only_gateway_id": "",
                "gateway_id": "igw-0a156bca9352c49f2",
                "ipv6_cidr_block": "",
                "local_gateway_id": "",
                "nat_gateway_id": "",
                "network_interface_id": "",
                "transit_gateway_id": "",
                "vpc_endpoint_id": "",
                "vpc_peering_connection_id": ""
              }
            ],
            "tags": {
              "Name": "public route table"
            },
            "tags_all": {
              "Name": "public route table"
            },
            "timeouts": null,
            "vpc_id": "vpc-015412a0cd35a17c4"
          },
          "sensitive_attributes": [],
          "private": "eyJlMmJmYjczMC1lY2FhLTExZTYtOGY4OC0zNDM2M2JjN2M0YzAiOnsiY3JlYXRlIjozMDAwMDAwMDAwMDAsImRlbGV0ZSI6MzAwMDAwMDAwMDAwLCJ1cGRhdGUiOjEyMDAwMDAwMDAwMH19",
          "dependencies": [
            "aws_internet_gateway.internet_gateway",
            "aws_vpc.main_vpc"
          ]
        }
      ]
    },
    {
      "mode": "managed",
      "type": "aws_route_table_association",
      "name": "pb_rt_assoc_pb1",
      "provider": "provider[\"registry.terraform.io/hashicorp/aws\"]",
      "instances": [
        {
          "schema_version": 0,
          "attributes": {
            "gateway_id": "",
            "id": "rtbassoc-05864f327550d96e9",
            "route_table_id": "rtb-0a5960b91aba8368c",
            "subnet_id": "subnet-0b1c4af9e87df5136",
            "timeouts": null
          },
          "sensitive_attributes": [],
          "private": "eyJlMmJmYjczMC1lY2FhLTExZTYtOGY4OC0zNDM2M2JjN2M0YzAiOnsiY3JlYXRlIjozMDAwMDAwMDAwMDAsImRlbGV0ZSI6MzAwMDAwMDAwMDAwLCJ1cGRhdGUiOjEyMDAwMDAwMDAwMH19",
          "dependencies": [
            "aws_internet_gateway.internet_gateway",
            "aws_route_table.pb_rt",
            "aws_subnet.pb_sn_az1",
            "aws_vpc.main_vpc",
            "data.aws_availability_zones.available_zones"
          ]
        }
      ]
    },
    {
      "mode": "managed",
      "type": "aws_route_table_association",
      "name": "pb_rt_assoc_pb2",
      "provider": "provider[\"registry.terraform.io/hashicorp/aws\"]",
      "instances": [
        {
          "schema_version": 0,
          "attributes": {
            "gateway_id": "",
            "id": "rtbassoc-0b8e2229c503da846",
            "route_table_id": "rtb-0a5960b91aba8368c",
            "subnet_id": "subnet-0831f92674766cc10",
            "timeouts": null
          },
          "sensitive_attributes": [],
          "private": "eyJlMmJmYjczMC1lY2FhLTExZTYtOGY4OC0zNDM2M2JjN2M0YzAiOnsiY3JlYXRlIjozMDAwMDAwMDAwMDAsImRlbGV0ZSI6MzAwMDAwMDAwMDAwLCJ1cGRhdGUiOjEyMDAwMDAwMDAwMH19",
          "dependencies": [
            "aws_internet_gateway.internet_gateway",
            "aws_route_table.pb_rt",
            "aws_subnet.pb_sn_az2",
            "aws_vpc.main_vpc",
            "data.aws_availability_zones.available_zones"
          ]
        }
      ]
    },
    {
      "mode": "managed",
      "type": "aws_route_table_association",
      "name": "pb_rt_assoc_pb3",
      "provider": "provider[\"registry.terraform.io/hashicorp/aws\"]",
      "instances": [
        {
          "schema_version": 0,
          "attributes": {
            "gateway_id": "",
            "id": "rtbassoc-0ae20234b073acea7",
            "route_table_id": "rtb-0a5960b91aba8368c",
            "subnet_id": "subnet-0824128e2316de411",
            "timeouts": null
          },
          "sensitive_attributes": [],
          "private": "eyJlMmJmYjczMC1lY2FhLTExZTYtOGY4OC0zNDM2M2JjN2M0YzAiOnsiY3JlYXRlIjozMDAwMDAwMDAwMDAsImRlbGV0ZSI6MzAwMDAwMDAwMDAwLCJ1cGRhdGUiOjEyMDAwMDAwMDAwMH19",
          "dependencies": [
            "aws_internet_gateway.internet_gateway",
            "aws_route_table.pb_rt",
            "aws_subnet.pb_sn_az3",
            "aws_vpc.main_vpc",
            "data.aws_availability_zones.available_zones"
          ]
        }
      ]
    },
    {
      "mode": "managed",
      "type": "aws_security_group",
      "name": "SGLB",
      "provider": "provider[\"registry.terraform.io/hashicorp/aws\"]",
      "instances": [
        {
          "schema_version": 1,
          "attributes": {
            "arn": "arn:aws:ec2:us-east-1:040546550742:security-group/sg-0bcf9d876fc7cb10b",
            "description": "Allow public internet in",
            "egress": [],
            "id": "sg-0bcf9d876fc7cb10b",
            "ingress": [
              {
                "cidr_blocks": [
                  "0.0.0.0/0"
                ],
                "description": "",
                "from_port": 80,
                "ipv6_cidr_blocks": [],
                "prefix_list_ids": [],
                "protocol": "tcp",
                "security_groups": [],
                "self": false,
                "to_port": 80
              }
            ],
            "name": "10.16.0.0/16-lb-sg",
            "name_prefix": "",
            "owner_id": "040546550742",
            "revoke_rules_on_delete": false,
            "tags": {},
            "tags_all": {},
            "timeouts": null,
            "vpc_id": "vpc-015412a0cd35a17c4"
          },
          "sensitive_attributes": [],
          "private": "eyJlMmJmYjczMC1lY2FhLTExZTYtOGY4OC0zNDM2M2JjN2M0YzAiOnsiY3JlYXRlIjo2MDAwMDAwMDAwMDAsImRlbGV0ZSI6OTAwMDAwMDAwMDAwfSwic2NoZW1hX3ZlcnNpb24iOiIxIn0=",
          "dependencies": [
            "aws_vpc.main_vpc"
          ]
        }
      ]
    },
    {
      "mode": "managed",
      "type": "aws_security_group",
      "name": "SGpublicSN",
      "provider": "provider[\"registry.terraform.io/hashicorp/aws\"]",
      "instances": [
        {
          "schema_version": 1,
          "attributes": {
            "arn": "arn:aws:ec2:us-east-1:040546550742:security-group/sg-078bbfb212a558f11",
            "description": "It allows public subnet to connect with the internet",
            "egress": [],
            "id": "sg-078bbfb212a558f11",
            "ingress": [
              {
                "cidr_blocks": [
                  "0.0.0.0/0"
                ],
                "description": "",
                "from_port": 80,
                "ipv6_cidr_blocks": [],
                "prefix_list_ids": [],
                "protocol": "tcp",
                "security_groups": [],
                "self": false,
                "to_port": 80
              }
            ],
            "name": "10.16.0.0/16-public-SG",
            "name_prefix": "",
            "owner_id": "040546550742",
            "revoke_rules_on_delete": false,
            "tags": {},
            "tags_all": {},
            "timeouts": null,
            "vpc_id": "vpc-015412a0cd35a17c4"
          },
          "sensitive_attributes": [],
          "private": "eyJlMmJmYjczMC1lY2FhLTExZTYtOGY4OC0zNDM2M2JjN2M0YzAiOnsiY3JlYXRlIjo2MDAwMDAwMDAwMDAsImRlbGV0ZSI6OTAwMDAwMDAwMDAwfSwic2NoZW1hX3ZlcnNpb24iOiIxIn0=",
          "dependencies": [
            "aws_vpc.main_vpc"
          ]
        }
      ]
    },
    {
      "mode": "managed",
      "type": "aws_security_group",
      "name": "SGpvtapp",
      "provider": "provider[\"registry.terraform.io/hashicorp/aws\"]",
      "instances": [
        {
          "schema_version": 1,
          "attributes": {
            "arn": "arn:aws:ec2:us-east-1:040546550742:security-group/sg-0486b5c4a75f96c5d",
            "description": "Allow EFS in",
            "egress": [],
            "id": "sg-0486b5c4a75f96c5d",
            "ingress": [
              {
                "cidr_blocks": [],
                "description": "",
                "from_port": 2049,
                "ipv6_cidr_blocks": [],
                "prefix_list_ids": [],
                "protocol": "tcp",
                "security_groups": [
                  "sg-078bbfb212a558f11"
                ],
                "self": false,
                "to_port": 2049
              }
            ],
            "name": "10.16.0.0/16-pvt-appsn-sg",
            "name_prefix": "",
            "owner_id": "040546550742",
            "revoke_rules_on_delete": false,
            "tags": {},
            "tags_all": {},
            "timeouts": null,
            "vpc_id": "vpc-015412a0cd35a17c4"
          },
          "sensitive_attributes": [],
          "private": "eyJlMmJmYjczMC1lY2FhLTExZTYtOGY4OC0zNDM2M2JjN2M0YzAiOnsiY3JlYXRlIjo2MDAwMDAwMDAwMDAsImRlbGV0ZSI6OTAwMDAwMDAwMDAwfSwic2NoZW1hX3ZlcnNpb24iOiIxIn0=",
          "dependencies": [
            "aws_security_group.SGpublicSN",
            "aws_vpc.main_vpc"
          ]
        }
      ]
    },
    {
      "mode": "managed",
      "type": "aws_security_group",
      "name": "SGpvtdb",
      "provider": "provider[\"registry.terraform.io/hashicorp/aws\"]",
      "instances": [
        {
          "schema_version": 1,
          "attributes": {
            "arn": "arn:aws:ec2:us-east-1:040546550742:security-group/sg-0b1f4456997901962",
            "description": "Allow MySQL in",
            "egress": [],
            "id": "sg-0b1f4456997901962",
            "ingress": [
              {
                "cidr_blocks": [],
                "description": "",
                "from_port": 3306,
                "ipv6_cidr_blocks": [],
                "prefix_list_ids": [],
                "protocol": "tcp",
                "security_groups": [
                  "sg-078bbfb212a558f11"
                ],
                "self": false,
                "to_port": 3306
              }
            ],
            "name": "10.16.0.0/16-pvt-dbsn-sg",
            "name_prefix": "",
            "owner_id": "040546550742",
            "revoke_rules_on_delete": false,
            "tags": {},
            "tags_all": {},
            "timeouts": null,
            "vpc_id": "vpc-015412a0cd35a17c4"
          },
          "sensitive_attributes": [],
          "private": "eyJlMmJmYjczMC1lY2FhLTExZTYtOGY4OC0zNDM2M2JjN2M0YzAiOnsiY3JlYXRlIjo2MDAwMDAwMDAwMDAsImRlbGV0ZSI6OTAwMDAwMDAwMDAwfSwic2NoZW1hX3ZlcnNpb24iOiIxIn0=",
          "dependencies": [
            "aws_security_group.SGpublicSN",
            "aws_vpc.main_vpc"
          ]
        }
      ]
    },
    {
      "mode": "managed",
      "type": "aws_ssm_parameter",
      "name": "alb_dns",
      "provider": "provider[\"registry.terraform.io/hashicorp/aws\"]",
      "instances": [
        {
          "schema_version": 0,
          "attributes": {
            "allowed_pattern": "",
            "arn": "arn:aws:ssm:us-east-1:040546550742:parameter/Infrastructure/Demo/ALBDNSName",
            "data_type": "text",
            "description": "DNS name of ALB",
            "id": "/Infrastructure/Demo/ALBDNSName",
            "insecure_value": null,
            "key_id": "",
            "name": "/Infrastructure/Demo/ALBDNSName",
            "overwrite": null,
            "tags": {},
            "tags_all": {},
            "tier": "Standard",
            "type": "String",
            "value": "LB-Demo-896199728.us-east-1.elb.amazonaws.com",
            "version": 1
          },
          "sensitive_attributes": [],
          "private": "bnVsbA==",
          "dependencies": [
            "aws_lb.lb",
            "aws_security_group.SGLB",
            "aws_vpc.main_vpc"
          ]
        }
      ]
    },
    {
      "mode": "managed",
      "type": "aws_ssm_parameter",
      "name": "efs_fs_id",
      "provider": "provider[\"registry.terraform.io/hashicorp/aws\"]",
      "instances": [
        {
          "schema_version": 0,
          "attributes": {
            "allowed_pattern": "",
            "arn": "arn:aws:ssm:us-east-1:040546550742:parameter/Infrastructure/Demo/EFSFSID",
            "data_type": "text",
            "description": "EFS FS ID for wordpress website",
            "id": "/Infrastructure/Demo/EFSFSID",
            "insecure_value": null,
            "key_id": "",
            "name": "/Infrastructure/Demo/EFSFSID",
            "overwrite": null,
            "tags": {},
            "tags_all": {},
            "tier": "Standard",
            "type": "String",
            "value": "fs-00d77b6d5ebf40fbe",
            "version": 1
          },
          "sensitive_attributes": [],
          "private": "bnVsbA==",
          "dependencies": [
            "aws_efs_file_system.efs"
          ]
        }
      ]
    },
    {
      "mode": "managed",
      "type": "aws_ssm_parameter",
      "name": "efs_parameter",
      "provider": "provider[\"registry.terraform.io/hashicorp/aws\"]",
      "instances": [
        {
          "schema_version": 0,
          "attributes": {
            "allowed_pattern": "",
            "arn": "arn:aws:ssm:us-east-1:040546550742:parameter/Infrastructure/Demo/EFSID",
            "data_type": "text",
            "description": "EFS ID parameter",
            "id": "/Infrastructure/Demo/EFSID",
            "insecure_value": null,
            "key_id": "",
            "name": "/Infrastructure/Demo/EFSID",
            "overwrite": null,
            "tags": {},
            "tags_all": {},
            "tier": "Standard",
            "type": "String",
            "value": "fs-00d77b6d5ebf40fbe",
            "version": 1
          },
          "sensitive_attributes": [],
          "private": "bnVsbA==",
          "dependencies": [
            "aws_efs_file_system.efs"
          ]
        }
      ]
    },
    {
      "mode": "managed",
      "type": "aws_ssm_parameter",
      "name": "rds_parameter_db_name",
      "provider": "provider[\"registry.terraform.io/hashicorp/aws\"]",
      "instances": [
        {
          "schema_version": 0,
          "attributes": {
            "allowed_pattern": "",
            "arn": "arn:aws:ssm:us-east-1:040546550742:parameter/Infrastructure/Demo/DBName",
            "data_type": "text",
            "description": "Database Name",
            "id": "/Infrastructure/Demo/DBName",
            "insecure_value": null,
            "key_id": "",
            "name": "/Infrastructure/Demo/DBName",
            "overwrite": null,
            "tags": {},
            "tags_all": {},
            "tier": "Standard",
            "type": "String",
            "value": "a4lwordpressuserdb",
            "version": 1
          },
          "sensitive_attributes": [],
          "private": "bnVsbA=="
        }
      ]
    },
    {
      "mode": "managed",
      "type": "aws_ssm_parameter",
      "name": "rds_parameter_db_user",
      "provider": "provider[\"registry.terraform.io/hashicorp/aws\"]",
      "instances": [
        {
          "schema_version": 0,
          "attributes": {
            "allowed_pattern": "",
            "arn": "arn:aws:ssm:us-east-1:040546550742:parameter/Infrastructure/Demo/DBUser",
            "data_type": "text",
            "description": "Database User",
            "id": "/Infrastructure/Demo/DBUser",
            "insecure_value": null,
            "key_id": "",
            "name": "/Infrastructure/Demo/DBUser",
            "overwrite": null,
            "tags": {},
            "tags_all": {},
            "tier": "Standard",
            "type": "String",
            "value": "a4lwordpressuser",
            "version": 1
          },
          "sensitive_attributes": [],
          "private": "bnVsbA=="
        }
      ]
    },
    {
      "mode": "managed",
      "type": "aws_ssm_parameter",
      "name": "rds_parameter_db_userPass",
      "provider": "provider[\"registry.terraform.io/hashicorp/aws\"]",
      "instances": [
        {
          "schema_version": 0,
          "attributes": {
            "allowed_pattern": "",
            "arn": "arn:aws:ssm:us-east-1:040546550742:parameter/Infrastructure/Demo/DBPassword",
            "data_type": "text",
            "description": "Database DB Password",
            "id": "/Infrastructure/Demo/DBPassword",
            "insecure_value": null,
            "key_id": "alias/aws/ssm",
            "name": "/Infrastructure/Demo/DBPassword",
            "overwrite": null,
            "tags": {},
            "tags_all": {},
            "tier": "Standard",
            "type": "SecureString",
            "value": "VishvDeshwal@1234567890",
            "version": 1
          },
          "sensitive_attributes": [],
          "private": "bnVsbA=="
        }
      ]
    },
    {
      "mode": "managed",
      "type": "aws_subnet",
      "name": "pb_sn_az1",
      "provider": "provider[\"registry.terraform.io/hashicorp/aws\"]",
      "instances": [
        {
          "schema_version": 1,
          "attributes": {
            "arn": "arn:aws:ec2:us-east-1:040546550742:subnet/subnet-0b1c4af9e87df5136",
            "assign_ipv6_address_on_creation": false,
            "availability_zone": "us-east-1a",
            "availability_zone_id": "use1-az4",
            "cidr_block": "10.16.48.0/20",
            "customer_owned_ipv4_pool": "",
            "enable_dns64": false,
            "enable_lni_at_device_index": 0,
            "enable_resource_name_dns_a_record_on_launch": false,
            "enable_resource_name_dns_aaaa_record_on_launch": false,
            "id": "subnet-0b1c4af9e87df5136",
            "ipv6_cidr_block": "",
            "ipv6_cidr_block_association_id": "",
            "ipv6_native": false,
            "map_customer_owned_ip_on_launch": false,
            "map_public_ip_on_launch": true,
            "outpost_arn": "",
            "owner_id": "040546550742",
            "private_dns_hostname_type_on_launch": "ip-name",
            "tags": {
              "Name": "pb-sn-az1"
            },
            "tags_all": {
              "Name": "pb-sn-az1"
            },
            "timeouts": null,
            "vpc_id": "vpc-015412a0cd35a17c4"
          },
          "sensitive_attributes": [],
          "private": "eyJlMmJmYjczMC1lY2FhLTExZTYtOGY4OC0zNDM2M2JjN2M0YzAiOnsiY3JlYXRlIjo2MDAwMDAwMDAwMDAsImRlbGV0ZSI6MTIwMDAwMDAwMDAwMH0sInNjaGVtYV92ZXJzaW9uIjoiMSJ9",
          "dependencies": [
            "aws_vpc.main_vpc",
            "data.aws_availability_zones.available_zones"
          ]
        }
      ]
    },
    {
      "mode": "managed",
      "type": "aws_subnet",
      "name": "pb_sn_az2",
      "provider": "provider[\"registry.terraform.io/hashicorp/aws\"]",
      "instances": [
        {
          "schema_version": 1,
          "attributes": {
            "arn": "arn:aws:ec2:us-east-1:040546550742:subnet/subnet-0831f92674766cc10",
            "assign_ipv6_address_on_creation": false,
            "availability_zone": "us-east-1b",
            "availability_zone_id": "use1-az6",
            "cidr_block": "10.16.112.0/20",
            "customer_owned_ipv4_pool": "",
            "enable_dns64": false,
            "enable_lni_at_device_index": 0,
            "enable_resource_name_dns_a_record_on_launch": false,
            "enable_resource_name_dns_aaaa_record_on_launch": false,
            "id": "subnet-0831f92674766cc10",
            "ipv6_cidr_block": "",
            "ipv6_cidr_block_association_id": "",
            "ipv6_native": false,
            "map_customer_owned_ip_on_launch": false,
            "map_public_ip_on_launch": true,
            "outpost_arn": "",
            "owner_id": "040546550742",
            "private_dns_hostname_type_on_launch": "ip-name",
            "tags": {
              "Name": "pb-sn-az2"
            },
            "tags_all": {
              "Name": "pb-sn-az2"
            },
            "timeouts": null,
            "vpc_id": "vpc-015412a0cd35a17c4"
          },
          "sensitive_attributes": [],
          "private": "eyJlMmJmYjczMC1lY2FhLTExZTYtOGY4OC0zNDM2M2JjN2M0YzAiOnsiY3JlYXRlIjo2MDAwMDAwMDAwMDAsImRlbGV0ZSI6MTIwMDAwMDAwMDAwMH0sInNjaGVtYV92ZXJzaW9uIjoiMSJ9",
          "dependencies": [
            "aws_vpc.main_vpc",
            "data.aws_availability_zones.available_zones"
          ]
        }
      ]
    },
    {
      "mode": "managed",
      "type": "aws_subnet",
      "name": "pb_sn_az3",
      "provider": "provider[\"registry.terraform.io/hashicorp/aws\"]",
      "instances": [
        {
          "schema_version": 1,
          "attributes": {
            "arn": "arn:aws:ec2:us-east-1:040546550742:subnet/subnet-0824128e2316de411",
            "assign_ipv6_address_on_creation": false,
            "availability_zone": "us-east-1c",
            "availability_zone_id": "use1-az1",
            "cidr_block": "10.16.176.0/20",
            "customer_owned_ipv4_pool": "",
            "enable_dns64": false,
            "enable_lni_at_device_index": 0,
            "enable_resource_name_dns_a_record_on_launch": false,
            "enable_resource_name_dns_aaaa_record_on_launch": false,
            "id": "subnet-0824128e2316de411",
            "ipv6_cidr_block": "",
            "ipv6_cidr_block_association_id": "",
            "ipv6_native": false,
            "map_customer_owned_ip_on_launch": false,
            "map_public_ip_on_launch": true,
            "outpost_arn": "",
            "owner_id": "040546550742",
            "private_dns_hostname_type_on_launch": "ip-name",
            "tags": {
              "Name": "pb-sn-az3"
            },
            "tags_all": {
              "Name": "pb-sn-az3"
            },
            "timeouts": null,
            "vpc_id": "vpc-015412a0cd35a17c4"
          },
          "sensitive_attributes": [],
          "private": "eyJlMmJmYjczMC1lY2FhLTExZTYtOGY4OC0zNDM2M2JjN2M0YzAiOnsiY3JlYXRlIjo2MDAwMDAwMDAwMDAsImRlbGV0ZSI6MTIwMDAwMDAwMDAwMH0sInNjaGVtYV92ZXJzaW9uIjoiMSJ9",
          "dependencies": [
            "aws_vpc.main_vpc",
            "data.aws_availability_zones.available_zones"
          ]
        }
      ]
    },
    {
      "mode": "managed",
      "type": "aws_subnet",
      "name": "pvt_sn_app_az1",
      "provider": "provider[\"registry.terraform.io/hashicorp/aws\"]",
      "instances": [
        {
          "schema_version": 1,
          "attributes": {
            "arn": "arn:aws:ec2:us-east-1:040546550742:subnet/subnet-084253b232e47dfd2",
            "assign_ipv6_address_on_creation": false,
            "availability_zone": "us-east-1a",
            "availability_zone_id": "use1-az4",
            "cidr_block": "10.16.32.0/20",
            "customer_owned_ipv4_pool": "",
            "enable_dns64": false,
            "enable_lni_at_device_index": 0,
            "enable_resource_name_dns_a_record_on_launch": false,
            "enable_resource_name_dns_aaaa_record_on_launch": false,
            "id": "subnet-084253b232e47dfd2",
            "ipv6_cidr_block": "",
            "ipv6_cidr_block_association_id": "",
            "ipv6_native": false,
            "map_customer_owned_ip_on_launch": false,
            "map_public_ip_on_launch": false,
            "outpost_arn": "",
            "owner_id": "040546550742",
            "private_dns_hostname_type_on_launch": "ip-name",
            "tags": {
              "Name": "pvt-app-sn-az1"
            },
            "tags_all": {
              "Name": "pvt-app-sn-az1"
            },
            "timeouts": null,
            "vpc_id": "vpc-015412a0cd35a17c4"
          },
          "sensitive_attributes": [],
          "private": "eyJlMmJmYjczMC1lY2FhLTExZTYtOGY4OC0zNDM2M2JjN2M0YzAiOnsiY3JlYXRlIjo2MDAwMDAwMDAwMDAsImRlbGV0ZSI6MTIwMDAwMDAwMDAwMH0sInNjaGVtYV92ZXJzaW9uIjoiMSJ9",
          "dependencies": [
            "aws_vpc.main_vpc",
            "data.aws_availability_zones.available_zones"
          ]
        }
      ]
    },
    {
      "mode": "managed",
      "type": "aws_subnet",
      "name": "pvt_sn_app_az2",
      "provider": "provider[\"registry.terraform.io/hashicorp/aws\"]",
      "instances": [
        {
          "schema_version": 1,
          "attributes": {
            "arn": "arn:aws:ec2:us-east-1:040546550742:subnet/subnet-072ee4be3058cb25c",
            "assign_ipv6_address_on_creation": false,
            "availability_zone": "us-east-1b",
            "availability_zone_id": "use1-az6",
            "cidr_block": "10.16.96.0/20",
            "customer_owned_ipv4_pool": "",
            "enable_dns64": false,
            "enable_lni_at_device_index": 0,
            "enable_resource_name_dns_a_record_on_launch": false,
            "enable_resource_name_dns_aaaa_record_on_launch": false,
            "id": "subnet-072ee4be3058cb25c",
            "ipv6_cidr_block": "",
            "ipv6_cidr_block_association_id": "",
            "ipv6_native": false,
            "map_customer_owned_ip_on_launch": false,
            "map_public_ip_on_launch": false,
            "outpost_arn": "",
            "owner_id": "040546550742",
            "private_dns_hostname_type_on_launch": "ip-name",
            "tags": {
              "Name": "pvt-app-sn-az2"
            },
            "tags_all": {
              "Name": "pvt-app-sn-az2"
            },
            "timeouts": null,
            "vpc_id": "vpc-015412a0cd35a17c4"
          },
          "sensitive_attributes": [],
          "private": "eyJlMmJmYjczMC1lY2FhLTExZTYtOGY4OC0zNDM2M2JjN2M0YzAiOnsiY3JlYXRlIjo2MDAwMDAwMDAwMDAsImRlbGV0ZSI6MTIwMDAwMDAwMDAwMH0sInNjaGVtYV92ZXJzaW9uIjoiMSJ9",
          "dependencies": [
            "aws_vpc.main_vpc",
            "data.aws_availability_zones.available_zones"
          ]
        }
      ]
    },
    {
      "mode": "managed",
      "type": "aws_subnet",
      "name": "pvt_sn_app_az3",
      "provider": "provider[\"registry.terraform.io/hashicorp/aws\"]",
      "instances": [
        {
          "schema_version": 1,
          "attributes": {
            "arn": "arn:aws:ec2:us-east-1:040546550742:subnet/subnet-0df5804df202189ca",
            "assign_ipv6_address_on_creation": false,
            "availability_zone": "us-east-1c",
            "availability_zone_id": "use1-az1",
            "cidr_block": "10.16.160.0/20",
            "customer_owned_ipv4_pool": "",
            "enable_dns64": false,
            "enable_lni_at_device_index": 0,
            "enable_resource_name_dns_a_record_on_launch": false,
            "enable_resource_name_dns_aaaa_record_on_launch": false,
            "id": "subnet-0df5804df202189ca",
            "ipv6_cidr_block": "",
            "ipv6_cidr_block_association_id": "",
            "ipv6_native": false,
            "map_customer_owned_ip_on_launch": false,
            "map_public_ip_on_launch": false,
            "outpost_arn": "",
            "owner_id": "040546550742",
            "private_dns_hostname_type_on_launch": "ip-name",
            "tags": {
              "Name": "pvt-app-sn-az3"
            },
            "tags_all": {
              "Name": "pvt-app-sn-az3"
            },
            "timeouts": null,
            "vpc_id": "vpc-015412a0cd35a17c4"
          },
          "sensitive_attributes": [],
          "private": "eyJlMmJmYjczMC1lY2FhLTExZTYtOGY4OC0zNDM2M2JjN2M0YzAiOnsiY3JlYXRlIjo2MDAwMDAwMDAwMDAsImRlbGV0ZSI6MTIwMDAwMDAwMDAwMH0sInNjaGVtYV92ZXJzaW9uIjoiMSJ9",
          "dependencies": [
            "aws_vpc.main_vpc",
            "data.aws_availability_zones.available_zones"
          ]
        }
      ]
    },
    {
      "mode": "managed",
      "type": "aws_subnet",
      "name": "pvt_sn_db_az1",
      "provider": "provider[\"registry.terraform.io/hashicorp/aws\"]",
      "instances": [
        {
          "schema_version": 1,
          "attributes": {
            "arn": "arn:aws:ec2:us-east-1:040546550742:subnet/subnet-083da77277169c505",
            "assign_ipv6_address_on_creation": false,
            "availability_zone": "us-east-1a",
            "availability_zone_id": "use1-az4",
            "cidr_block": "10.16.16.0/20",
            "customer_owned_ipv4_pool": "",
            "enable_dns64": false,
            "enable_lni_at_device_index": 0,
            "enable_resource_name_dns_a_record_on_launch": false,
            "enable_resource_name_dns_aaaa_record_on_launch": false,
            "id": "subnet-083da77277169c505",
            "ipv6_cidr_block": "",
            "ipv6_cidr_block_association_id": "",
            "ipv6_native": false,
            "map_customer_owned_ip_on_launch": false,
            "map_public_ip_on_launch": false,
            "outpost_arn": "",
            "owner_id": "040546550742",
            "private_dns_hostname_type_on_launch": "ip-name",
            "tags": {
              "Name": "pvt-app-db-az1"
            },
            "tags_all": {
              "Name": "pvt-app-db-az1"
            },
            "timeouts": null,
            "vpc_id": "vpc-015412a0cd35a17c4"
          },
          "sensitive_attributes": [],
          "private": "eyJlMmJmYjczMC1lY2FhLTExZTYtOGY4OC0zNDM2M2JjN2M0YzAiOnsiY3JlYXRlIjo2MDAwMDAwMDAwMDAsImRlbGV0ZSI6MTIwMDAwMDAwMDAwMH0sInNjaGVtYV92ZXJzaW9uIjoiMSJ9",
          "dependencies": [
            "aws_vpc.main_vpc",
            "data.aws_availability_zones.available_zones"
          ]
        }
      ]
    },
    {
      "mode": "managed",
      "type": "aws_subnet",
      "name": "pvt_sn_db_az2",
      "provider": "provider[\"registry.terraform.io/hashicorp/aws\"]",
      "instances": [
        {
          "schema_version": 1,
          "attributes": {
            "arn": "arn:aws:ec2:us-east-1:040546550742:subnet/subnet-0e244030e8a9ed152",
            "assign_ipv6_address_on_creation": false,
            "availability_zone": "us-east-1b",
            "availability_zone_id": "use1-az6",
            "cidr_block": "10.16.80.0/20",
            "customer_owned_ipv4_pool": "",
            "enable_dns64": false,
            "enable_lni_at_device_index": 0,
            "enable_resource_name_dns_a_record_on_launch": false,
            "enable_resource_name_dns_aaaa_record_on_launch": false,
            "id": "subnet-0e244030e8a9ed152",
            "ipv6_cidr_block": "",
            "ipv6_cidr_block_association_id": "",
            "ipv6_native": false,
            "map_customer_owned_ip_on_launch": false,
            "map_public_ip_on_launch": false,
            "outpost_arn": "",
            "owner_id": "040546550742",
            "private_dns_hostname_type_on_launch": "ip-name",
            "tags": {
              "Name": "pvt-app-db-az2"
            },
            "tags_all": {
              "Name": "pvt-app-db-az2"
            },
            "timeouts": null,
            "vpc_id": "vpc-015412a0cd35a17c4"
          },
          "sensitive_attributes": [],
          "private": "eyJlMmJmYjczMC1lY2FhLTExZTYtOGY4OC0zNDM2M2JjN2M0YzAiOnsiY3JlYXRlIjo2MDAwMDAwMDAwMDAsImRlbGV0ZSI6MTIwMDAwMDAwMDAwMH0sInNjaGVtYV92ZXJzaW9uIjoiMSJ9",
          "dependencies": [
            "aws_vpc.main_vpc",
            "data.aws_availability_zones.available_zones"
          ]
        }
      ]
    },
    {
      "mode": "managed",
      "type": "aws_subnet",
      "name": "pvt_sn_db_az3",
      "provider": "provider[\"registry.terraform.io/hashicorp/aws\"]",
      "instances": [
        {
          "schema_version": 1,
          "attributes": {
            "arn": "arn:aws:ec2:us-east-1:040546550742:subnet/subnet-030ab52699f9e8dba",
            "assign_ipv6_address_on_creation": false,
            "availability_zone": "us-east-1c",
            "availability_zone_id": "use1-az1",
            "cidr_block": "10.16.144.0/20",
            "customer_owned_ipv4_pool": "",
            "enable_dns64": false,
            "enable_lni_at_device_index": 0,
            "enable_resource_name_dns_a_record_on_launch": false,
            "enable_resource_name_dns_aaaa_record_on_launch": false,
            "id": "subnet-030ab52699f9e8dba",
            "ipv6_cidr_block": "",
            "ipv6_cidr_block_association_id": "",
            "ipv6_native": false,
            "map_customer_owned_ip_on_launch": false,
            "map_public_ip_on_launch": false,
            "outpost_arn": "",
            "owner_id": "040546550742",
            "private_dns_hostname_type_on_launch": "ip-name",
            "tags": {
              "Name": "pvt-app-db-az3"
            },
            "tags_all": {
              "Name": "pvt-app-db-az3"
            },
            "timeouts": null,
            "vpc_id": "vpc-015412a0cd35a17c4"
          },
          "sensitive_attributes": [],
          "private": "eyJlMmJmYjczMC1lY2FhLTExZTYtOGY4OC0zNDM2M2JjN2M0YzAiOnsiY3JlYXRlIjo2MDAwMDAwMDAwMDAsImRlbGV0ZSI6MTIwMDAwMDAwMDAwMH0sInNjaGVtYV92ZXJzaW9uIjoiMSJ9",
          "dependencies": [
            "aws_vpc.main_vpc",
            "data.aws_availability_zones.available_zones"
          ]
        }
      ]
    },
    {
      "mode": "managed",
      "type": "aws_vpc",
      "name": "main_vpc",
      "provider": "provider[\"registry.terraform.io/hashicorp/aws\"]",
      "instances": [
        {
          "schema_version": 1,
          "attributes": {
            "arn": "arn:aws:ec2:us-east-1:040546550742:vpc/vpc-015412a0cd35a17c4",
            "assign_generated_ipv6_cidr_block": false,
            "cidr_block": "10.16.0.0/16",
            "default_network_acl_id": "acl-012435fbc64343a86",
            "default_route_table_id": "rtb-0332cd4c70ca07f3e",
            "default_security_group_id": "sg-0f1497b60002afd54",
            "dhcp_options_id": "dopt-04575a96915d7ba4b",
            "enable_dns_hostnames": true,
            "enable_dns_support": true,
            "enable_network_address_usage_metrics": false,
            "id": "vpc-015412a0cd35a17c4",
            "instance_tenancy": "default",
            "ipv4_ipam_pool_id": null,
            "ipv4_netmask_length": null,
            "ipv6_association_id": "",
            "ipv6_cidr_block": "",
            "ipv6_cidr_block_network_border_group": "",
            "ipv6_ipam_pool_id": "",
            "ipv6_netmask_length": 0,
            "main_route_table_id": "rtb-0332cd4c70ca07f3e",
            "owner_id": "040546550742",
            "tags": {
              "Name": "3_tier_vpc"
            },
            "tags_all": {
              "Name": "3_tier_vpc"
            }
          },
          "sensitive_attributes": [],
          "private": "eyJzY2hlbWFfdmVyc2lvbiI6IjEifQ=="
        }
      ]
    }
  ],
  "check_results": null
}
